<?xml version="1.0" encoding="utf-8"?>
<Project ToolsVersion="4.0" xmlns="http://schemas.microsoft.com/developer/msbuild/2003">
  <ItemGroup>
    <Filter Include="Main">
      <UniqueIdentifier>{27cea455-6d1f-4715-a5f0-914789bc7745}</UniqueIdentifier>
    </Filter>
    <Filter Include="Core">
      <UniqueIdentifier>{d10edca7-4758-4eda-aad4-696676e55158}</UniqueIdentifier>
    </Filter>
    <Filter Include="Core\DirectX">
      <UniqueIdentifier>{956532da-11eb-446a-aa56-f84748cfbaa0}</UniqueIdentifier>
    </Filter>
    <Filter Include="Platform">
      <UniqueIdentifier>{444d5151-fce7-4107-8539-d76aa28f92df}</UniqueIdentifier>
    </Filter>
    <Filter Include="Core\Timer">
      <UniqueIdentifier>{7b4f348f-0d22-445f-a581-94055d072da4}</UniqueIdentifier>
    </Filter>
    <Filter Include="Hlsl">
      <UniqueIdentifier>{194a4f8a-d370-42ab-afab-1822f9a36484}</UniqueIdentifier>
    </Filter>
    <Filter Include="Platform\Windews">
      <UniqueIdentifier>{4e12890a-cbe3-4d48-ad82-b63805e872bb}</UniqueIdentifier>
    </Filter>
    <Filter Include="Core\DirectX\Manager">
      <UniqueIdentifier>{b485ea38-40c2-45b7-aa60-c162f0b52442}</UniqueIdentifier>
    </Filter>
    <Filter Include="Core\DirectX\Manager\ShaderManager">
      <UniqueIdentifier>{06acb924-c94c-4191-ad05-e23f7fa0df66}</UniqueIdentifier>
    </Filter>
    <Filter Include="Core\DirectX\Manager\ShaderManager\Shader">
      <UniqueIdentifier>{07e90396-7836-496f-9361-68a26f7d0442}</UniqueIdentifier>
    </Filter>
    <Filter Include="ReportMessage">
      <UniqueIdentifier>{8ece8b84-d472-4735-bb54-33044975648a}</UniqueIdentifier>
    </Filter>
    <Filter Include="Core\DirectX\Manager\ResourceManager">
      <UniqueIdentifier>{6a38eb7f-f505-4a60-8364-a613bc5a292f}</UniqueIdentifier>
    </Filter>
  </ItemGroup>
  <ItemGroup>
    <ClCompile Include="DirectX.cpp">
      <Filter>Core\DirectX</Filter>
    </ClCompile>
    <ClCompile Include="ShaderData.cpp">
      <Filter>Core\DirectX\Manager\ShaderManager\Shader</Filter>
    </ClCompile>
    <ClCompile Include="Main.cpp">
      <Filter>Main</Filter>
    </ClCompile>
    <ClCompile Include="PlatformSystem.cpp">
      <Filter>Platform</Filter>
    </ClCompile>
    <ClCompile Include="Timer.cpp">
      <Filter>Core\Timer</Filter>
    </ClCompile>
    <ClCompile Include="PlatformWindowsSystem.cpp">
      <Filter>Platform\Windews</Filter>
    </ClCompile>
    <ClCompile Include="ShaderManager.cpp">
      <Filter>Core\DirectX\Manager\ShaderManager</Filter>
    </ClCompile>
    <ClCompile Include="BaseDirectXManager.cpp">
      <Filter>Core\DirectX\Manager</Filter>
    </ClCompile>
    <ClCompile Include="ReportMessage.cpp">
      <Filter>ReportMessage</Filter>
    </ClCompile>
    <ClCompile Include="ResourceManager.cpp">
      <Filter>Core\DirectX\Manager\ResourceManager</Filter>
    </ClCompile>
  </ItemGroup>
  <ItemGroup>
    <ClInclude Include="DirectX.h">
      <Filter>Core\DirectX</Filter>
    </ClInclude>
    <ClInclude Include="ShaderData.h">
      <Filter>Core\DirectX\Manager\ShaderManager\Shader</Filter>
    </ClInclude>
    <ClInclude Include="Main.h">
      <Filter>Main</Filter>
    </ClInclude>
    <ClInclude Include="NonCopyable.h">
      <Filter>Core</Filter>
    </ClInclude>
    <ClInclude Include="PlatformSystem.h">
      <Filter>Platform</Filter>
    </ClInclude>
    <ClInclude Include="Timer.h">
      <Filter>Core\Timer</Filter>
    </ClInclude>
    <ClInclude Include="PlatformWindowsSystem.h">
      <Filter>Platform\Windews</Filter>
    </ClInclude>
    <ClInclude Include="ShaderManager.h">
      <Filter>Core\DirectX\Manager\ShaderManager</Filter>
    </ClInclude>
    <ClInclude Include="BaseDirectXManager.h">
      <Filter>Core\DirectX\Manager</Filter>
    </ClInclude>
    <ClInclude Include="ReportMessage.h">
      <Filter>ReportMessage</Filter>
    </ClInclude>
    <ClInclude Include="ResourceManager.h">
      <Filter>Core\DirectX\Manager\ResourceManager</Filter>
    </ClInclude>
  </ItemGroup>
  <ItemGroup>
    <FxCompile Include="PS_Debug.hlsl">
      <Filter>Hlsl</Filter>
    </FxCompile>
    <FxCompile Include="VS_Debug.hlsl">
      <Filter>Hlsl</Filter>
    </FxCompile>
  </ItemGroup>
</Project>