<?xml version="1.0" encoding="utf-8"?>
<Project ToolsVersion="4.0" xmlns="http://schemas.microsoft.com/developer/msbuild/2003">
  <ItemGroup>
    <Filter Include="0_Main">
      <UniqueIdentifier>{27cea455-6d1f-4715-a5f0-914789bc7745}</UniqueIdentifier>
    </Filter>
    <Filter Include="1_Platform">
      <UniqueIdentifier>{444d5151-fce7-4107-8539-d76aa28f92df}</UniqueIdentifier>
    </Filter>
    <Filter Include="1_Platform\Windows">
      <UniqueIdentifier>{2b3a7e76-5e53-42fe-bf7a-3fd9df18a022}</UniqueIdentifier>
    </Filter>
    <Filter Include="1_Platform\Windows\3_Input">
      <UniqueIdentifier>{bc186f21-dee6-4bb2-a164-941e29bd0756}</UniqueIdentifier>
    </Filter>
    <Filter Include="1_Platform\Windows\0_System">
      <UniqueIdentifier>{d73c0497-5e3a-4387-9248-7f81b27ff52c}</UniqueIdentifier>
    </Filter>
    <Filter Include="1_Platform\Windows\1_ReportMessage">
      <UniqueIdentifier>{a63fa5dc-98e1-4943-8208-cf39569f8522}</UniqueIdentifier>
    </Filter>
    <Filter Include="1_Platform\Windows\2_Math">
      <UniqueIdentifier>{e853e91e-255f-4673-ae59-a0da11edc8d4}</UniqueIdentifier>
    </Filter>
    <Filter Include="1_Platform\Windows\4_Timer">
      <UniqueIdentifier>{7b4f348f-0d22-445f-a581-94055d072da4}</UniqueIdentifier>
    </Filter>
    <Filter Include="1_Platform\Base">
      <UniqueIdentifier>{6630a200-9640-4918-82d7-b2c21ec55e30}</UniqueIdentifier>
    </Filter>
    <Filter Include="1_Platform\Base\0_PlatformSystem">
      <UniqueIdentifier>{65ac5411-2b6d-42b4-8d0e-eb197d4e8193}</UniqueIdentifier>
    </Filter>
    <Filter Include="1_Platform\Base\1_ReportMessage">
      <UniqueIdentifier>{f310d8f3-b1f4-442a-99b8-8925988e5413}</UniqueIdentifier>
    </Filter>
    <Filter Include="1_Platform\Base\2_PlatformMath">
      <UniqueIdentifier>{1d64735a-8e37-4399-b5b1-95fd596d47b9}</UniqueIdentifier>
    </Filter>
    <Filter Include="1_Platform\Base\4_PlatformTime">
      <UniqueIdentifier>{984b64ae-e14c-4800-a73d-5cc57574cea7}</UniqueIdentifier>
    </Filter>
    <Filter Include="1_Platform\Base\3_PlatformInput">
      <UniqueIdentifier>{8aeb14b8-05d4-4dfb-b8cd-bb34b3e25c75}</UniqueIdentifier>
    </Filter>
    <Filter Include="2_Core">
      <UniqueIdentifier>{d10edca7-4758-4eda-aad4-696676e55158}</UniqueIdentifier>
    </Filter>
    <Filter Include="3_Hlsl">
      <UniqueIdentifier>{194a4f8a-d370-42ab-afab-1822f9a36484}</UniqueIdentifier>
    </Filter>
    <Filter Include="2_Core\SaveLoad">
      <UniqueIdentifier>{3e9bee0c-817f-489a-9aae-9db8b36cb856}</UniqueIdentifier>
    </Filter>
    <Filter Include="2_Core\Faile">
      <UniqueIdentifier>{95ead3f2-344a-4d81-9eef-39297f6a26e4}</UniqueIdentifier>
    </Filter>
    <Filter Include="1_Platform\Windows\5_DrawManager">
      <UniqueIdentifier>{d437dcc7-3d59-4089-9f3c-6019a519f535}</UniqueIdentifier>
    </Filter>
    <Filter Include="1_Platform\Windows\2_Math\0_WindowsMath_Utiles">
      <UniqueIdentifier>{daa14929-8b49-46ad-a4fa-df33398adf26}</UniqueIdentifier>
    </Filter>
    <Filter Include="1_Platform\Windows\2_Math\MathStrut">
      <UniqueIdentifier>{97983a48-9778-4927-a308-f0bfa8bc7771}</UniqueIdentifier>
    </Filter>
    <Filter Include="1_Platform\Windows\2_Math\MathStrut\Matrix">
      <UniqueIdentifier>{3895c690-a6c7-411d-a530-9512de23e4a7}</UniqueIdentifier>
    </Filter>
    <Filter Include="1_Platform\Windows\2_Math\MathStrut\Vector">
      <UniqueIdentifier>{6b79a4e8-aeb3-4901-9ec6-290ca9652917}</UniqueIdentifier>
    </Filter>
    <Filter Include="1_Platform\Base\2_PlatformMath\MathStruct">
      <UniqueIdentifier>{a128bb6e-d326-4a4f-8f13-b0bf6c49598d}</UniqueIdentifier>
    </Filter>
    <Filter Include="1_Platform\Base\2_PlatformMath\MathStruct\Matrix">
      <UniqueIdentifier>{9592bf7c-e241-4a70-92af-9cfbb0354756}</UniqueIdentifier>
    </Filter>
    <Filter Include="1_Platform\Base\2_PlatformMath\MathStruct\Vector">
      <UniqueIdentifier>{72a4ab21-548f-4bff-8e34-5a09e6b41c9b}</UniqueIdentifier>
    </Filter>
    <Filter Include="1_Platform\Base\5_PlatformDrawManager">
      <UniqueIdentifier>{13834c66-6084-4a99-95fe-1be67916659f}</UniqueIdentifier>
    </Filter>
    <Filter Include="1_Platform\Windows\6_DirectX11_Core">
      <UniqueIdentifier>{ba54c2db-b7b6-4d96-b01a-e999173877ec}</UniqueIdentifier>
    </Filter>
    <Filter Include="1_Platform\Windows\5_DrawManager\DirectX11_ResourcesManager">
      <UniqueIdentifier>{b485ea38-40c2-45b7-aa60-c162f0b52442}</UniqueIdentifier>
    </Filter>
    <Filter Include="1_Platform\Windows\5_DrawManager\DirectX11_ResourcesManager\1_ShaderManager">
      <UniqueIdentifier>{06acb924-c94c-4191-ad05-e23f7fa0df66}</UniqueIdentifier>
    </Filter>
    <Filter Include="1_Platform\Windows\5_DrawManager\DirectX11_ResourcesManager\1_ShaderManager\Shader">
      <UniqueIdentifier>{07e90396-7836-496f-9361-68a26f7d0442}</UniqueIdentifier>
    </Filter>
    <Filter Include="1_Platform\Windows\5_DrawManager\DirectX11_ResourcesManager\1_ShaderManager\Shader\ShaderMetadata">
      <UniqueIdentifier>{939007d9-4472-4e3a-9c06-8090c0f96201}</UniqueIdentifier>
    </Filter>
    <Filter Include="1_Platform\Windows\5_DrawManager\DirectX11_ResourcesManager\1_ShaderManager\Shader\ShaderMetadata\ConstantBufferInfo">
      <UniqueIdentifier>{903d97d0-b32e-456a-bf75-390dbabce1e5}</UniqueIdentifier>
    </Filter>
    <Filter Include="1_Platform\Windows\5_DrawManager\DirectX11_ResourcesManager\1_ShaderManager\Shader\ShaderMetadata\InputLayoutInfo">
      <UniqueIdentifier>{1d534925-b48d-469f-844d-389acb132409}</UniqueIdentifier>
    </Filter>
    <Filter Include="1_Platform\Windows\5_DrawManager\DirectX11_ResourcesManager\1_ShaderManager\Shader\ShaderMetadata\ShaderInfo">
      <UniqueIdentifier>{669f7f66-33ac-4c56-9a71-29dcf76c1f44}</UniqueIdentifier>
    </Filter>
    <Filter Include="1_Platform\Windows\5_DrawManager\DirectX11_ResourcesManager\1_ShaderManager\ShaderUtils">
      <UniqueIdentifier>{3307b22f-9a32-477f-89ed-a9bb36abf1bc}</UniqueIdentifier>
    </Filter>
    <Filter Include="1_Platform\Windows\5_DrawManager\DirectX11_ResourcesManager\1_ShaderManager\ShaderUtils\ShaderCompilUtils">
      <UniqueIdentifier>{6ad274d1-c662-4366-ae63-d0a62acecc89}</UniqueIdentifier>
    </Filter>
    <Filter Include="1_Platform\Windows\5_DrawManager\DirectX11_ResourcesManager\1_ShaderManager\ShaderUtils\ShaderReflectionUtils">
      <UniqueIdentifier>{cc59df9d-1389-42c4-abf2-982e73903346}</UniqueIdentifier>
    </Filter>
    <Filter Include="1_Platform\Windows\5_DrawManager\DirectX11_ResourcesManager\3_ConstantBufferManager">
      <UniqueIdentifier>{931d6c2f-dc50-434e-93e0-3860968cfad3}</UniqueIdentifier>
    </Filter>
    <Filter Include="1_Platform\Windows\5_DrawManager\DirectX11_ResourcesManager\3_ConstantBufferManager\ConstantBufferInfo">
      <UniqueIdentifier>{e1e6bc2b-c75a-4cd1-b33f-9fcb242eb2c2}</UniqueIdentifier>
    </Filter>
    <Filter Include="1_Platform\Windows\5_DrawManager\DirectX11_ResourcesManager\4_ResourceManager">
      <UniqueIdentifier>{6a38eb7f-f505-4a60-8364-a613bc5a292f}</UniqueIdentifier>
    </Filter>
    <Filter Include="1_Platform\Windows\5_DrawManager\DirectX11_ResourcesManager\2_VertexBufferManager">
      <UniqueIdentifier>{645cb89e-6963-4846-a182-50067e546d82}</UniqueIdentifier>
    </Filter>
    <Filter Include="1_Platform\Windows\5_DrawManager\DirectX11_ResourcesManager\2_VertexBufferManager\VertexBufferInfo">
      <UniqueIdentifier>{fee649e9-5c54-4797-a075-f9668ebe2d20}</UniqueIdentifier>
    </Filter>
    <Filter Include="1_Platform\Windows\5_DrawManager\DirectX11_ResourcesManager\4_ResourceManager\1_TextureManager">
      <UniqueIdentifier>{7270727c-8028-4f13-aec1-e919d9bb013c}</UniqueIdentifier>
    </Filter>
    <Filter Include="1_Platform\Windows\5_DrawManager\DirectX11_ResourcesManager\4_ResourceManager\2_ViewManager">
      <UniqueIdentifier>{572aba3a-4ad9-465e-9e2b-d844f474070d}</UniqueIdentifier>
    </Filter>
    <Filter Include="1_Platform\Windows\5_DrawManager\DirectX11_ResourcesManager\5_ModelManager">
      <UniqueIdentifier>{85da51fa-3834-46d5-b604-d84304b5459a}</UniqueIdentifier>
    </Filter>
    <Filter Include="1_Platform\Windows\5_DrawManager\DirectX11_ResourcesManager\4_ResourceManager\1_TextureManager\TextureData">
      <UniqueIdentifier>{165837de-03f5-41e0-9c47-abf603dced7e}</UniqueIdentifier>
    </Filter>
    <Filter Include="1_Platform\Windows\5_DrawManager\DirectX11_ResourcesManager\4_ResourceManager\2_ViewManager\ViewData">
      <UniqueIdentifier>{994f5eb9-baf3-4bba-bef1-78e708e23482}</UniqueIdentifier>
    </Filter>
    <Filter Include="1_Platform\Windows\5_DrawManager\DirectX11_ResourcesManager\4_ResourceManager\3_SamplerManager">
      <UniqueIdentifier>{a71000c5-692b-4630-b14a-7c0413dfcc70}</UniqueIdentifier>
    </Filter>
    <Filter Include="1_Platform\Windows\5_DrawManager\DirectX11_ResourcesManager\4_ResourceManager\3_SamplerManager\SamplerData">
      <UniqueIdentifier>{3ea33533-1e78-47bc-a801-ccb51bf76d28}</UniqueIdentifier>
    </Filter>
    <Filter Include="1_Platform\Windows\5_DrawManager\DirectX11_ResourcesManager\99_DirectXFormatConverter">
      <UniqueIdentifier>{b92cbb73-1d59-4839-9fe8-232f272d33a7}</UniqueIdentifier>
    </Filter>
    <Filter Include="4_Object">
      <UniqueIdentifier>{bbd536f1-b04c-455b-a8bf-018bf2951fec}</UniqueIdentifier>
    </Filter>
    <Filter Include="4_Object\BaseObject">
      <UniqueIdentifier>{9ddc3bf8-1bda-4e5f-856b-215a33eea7bf}</UniqueIdentifier>
    </Filter>
    <Filter Include="3_Hlsl\Debug">
      <UniqueIdentifier>{dac1bb92-e977-4e4d-9330-1d1fa5db6909}</UniqueIdentifier>
    </Filter>
    <Filter Include="3_Hlsl\Triangle">
      <UniqueIdentifier>{9d33cc3f-536f-4624-b1f3-cca34a018e39}</UniqueIdentifier>
    </Filter>
    <Filter Include="0_Main\BaseGame">
      <UniqueIdentifier>{d57e8b34-7fc4-436e-aa9f-3ed6c376f43e}</UniqueIdentifier>
    </Filter>
    <Filter Include="4_Object\TAriangle">
      <UniqueIdentifier>{6ab00672-e658-461e-bc60-e9e0bca6e5f6}</UniqueIdentifier>
    </Filter>
    <Filter Include="4_Object\Square">
      <UniqueIdentifier>{a91c1d43-a461-4493-be7b-f105c91c0edf}</UniqueIdentifier>
    </Filter>
    <Filter Include="4_Object\Vertex">
      <UniqueIdentifier>{5fbbee1c-36f8-43f4-ae53-7c5109d66842}</UniqueIdentifier>
    </Filter>
    <Filter Include="1_Platform\Base\6_Setting">
      <UniqueIdentifier>{b0d7046b-9219-4751-80f7-ca3155126a0d}</UniqueIdentifier>
    </Filter>
  </ItemGroup>
  <ItemGroup>
    <ClCompile Include="ShaderData.cpp">
      <Filter>1_Platform\Windows\5_DrawManager\DirectX11_ResourcesManager\1_ShaderManager\Shader</Filter>
    </ClCompile>
    <ClCompile Include="Main.cpp">
      <Filter>0_Main</Filter>
    </ClCompile>
    <ClCompile Include="Windows_Timer.cpp">
      <Filter>1_Platform\Windows\4_Timer</Filter>
    </ClCompile>
    <ClCompile Include="ShaderManager.cpp">
      <Filter>1_Platform\Windows\5_DrawManager\DirectX11_ResourcesManager\1_ShaderManager</Filter>
    </ClCompile>
    <ClCompile Include="AssetLogger.cpp">
      <Filter>1_Platform\Windows\5_DrawManager\DirectX11_ResourcesManager</Filter>
    </ClCompile>
    <ClCompile Include="ConstantBufferManager.cpp">
      <Filter>1_Platform\Windows\5_DrawManager\DirectX11_ResourcesManager\3_ConstantBufferManager</Filter>
    </ClCompile>
    <ClCompile Include="ShaderCompilUtils.cpp">
      <Filter>1_Platform\Windows\5_DrawManager\DirectX11_ResourcesManager\1_ShaderManager\ShaderUtils\ShaderCompilUtils</Filter>
    </ClCompile>
    <ClCompile Include="ShaderReflectionUtils.cpp">
      <Filter>1_Platform\Windows\5_DrawManager\DirectX11_ResourcesManager\1_ShaderManager\ShaderUtils\ShaderReflectionUtils</Filter>
    </ClCompile>
    <ClCompile Include="PlatformSystem.cpp">
      <Filter>1_Platform\Base\0_PlatformSystem</Filter>
    </ClCompile>
    <ClCompile Include="PlatformWindowsSystem.cpp">
      <Filter>1_Platform\Windows\0_System</Filter>
    </ClCompile>
    <ClCompile Include="Windows_ReportMessage.cpp">
      <Filter>1_Platform\Windows\1_ReportMessage</Filter>
    </ClCompile>
    <ClCompile Include="DirectX.cpp">
      <Filter>1_Platform\Windows\6_DirectX11_Core</Filter>
    </ClCompile>
    <ClCompile Include="ConstantBufferInfo.cpp">
      <Filter>1_Platform\Windows\5_DrawManager\DirectX11_ResourcesManager\1_ShaderManager\Shader\ShaderMetadata\ConstantBufferInfo</Filter>
    </ClCompile>
    <ClCompile Include="SaveLoadUtiles.cpp">
      <Filter>2_Core\SaveLoad</Filter>
    </ClCompile>
    <ClCompile Include="InputLayoutInfo.cpp">
      <Filter>1_Platform\Windows\5_DrawManager\DirectX11_ResourcesManager\1_ShaderManager\Shader\ShaderMetadata\InputLayoutInfo</Filter>
    </ClCompile>
    <ClCompile Include="ShaderInfo.cpp">
      <Filter>1_Platform\Windows\5_DrawManager\DirectX11_ResourcesManager\1_ShaderManager\Shader\ShaderMetadata\ShaderInfo</Filter>
    </ClCompile>
    <ClCompile Include="FileUtils.cpp">
      <Filter>2_Core\Faile</Filter>
    </ClCompile>
    <ClCompile Include="DirectX11_DrawManager.cpp">
      <Filter>1_Platform\Windows\5_DrawManager</Filter>
    </ClCompile>
    <ClCompile Include="WindowsMath_Utiles.cpp">
      <Filter>1_Platform\Windows\2_Math\0_WindowsMath_Utiles</Filter>
    </ClCompile>
    <ClCompile Include="Windows_Vector4.cpp">
      <Filter>1_Platform\Windows\2_Math\MathStrut\Vector</Filter>
    </ClCompile>
    <ClCompile Include="Windows_Vector2.cpp">
      <Filter>1_Platform\Windows\2_Math\MathStrut\Vector</Filter>
    </ClCompile>
    <ClCompile Include="Windows_Vector3.cpp">
      <Filter>1_Platform\Windows\2_Math\MathStrut\Vector</Filter>
    </ClCompile>
    <ClCompile Include="Windows_Matrix4x4.cpp">
      <Filter>1_Platform\Windows\2_Math\MathStrut\Matrix</Filter>
    </ClCompile>
    <ClCompile Include="Windows_Quaternion.cpp">
      <Filter>1_Platform\Windows\2_Math\MathStrut</Filter>
    </ClCompile>
    <ClCompile Include="Windows_Color.cpp">
      <Filter>1_Platform\Windows\2_Math\MathStrut</Filter>
    </ClCompile>
    <ClCompile Include="VertexBufferManager.cpp">
      <Filter>1_Platform\Windows\5_DrawManager\DirectX11_ResourcesManager\2_VertexBufferManager</Filter>
    </ClCompile>
    <ClCompile Include="ConstantBufferData.cpp">
      <Filter>1_Platform\Windows\5_DrawManager\DirectX11_ResourcesManager\3_ConstantBufferManager\ConstantBufferInfo</Filter>
    </ClCompile>
    <ClCompile Include="VertexBufferIData.cpp">
      <Filter>1_Platform\Windows\5_DrawManager\DirectX11_ResourcesManager\2_VertexBufferManager\VertexBufferInfo</Filter>
    </ClCompile>
    <ClCompile Include="ResourceViewManager.cpp">
      <Filter>1_Platform\Windows\5_DrawManager\DirectX11_ResourcesManager\4_ResourceManager\2_ViewManager</Filter>
    </ClCompile>
    <ClCompile Include="TextureManager.cpp">
      <Filter>1_Platform\Windows\5_DrawManager\DirectX11_ResourcesManager\4_ResourceManager\1_TextureManager</Filter>
    </ClCompile>
    <ClCompile Include="ModelManager.cpp">
      <Filter>1_Platform\Windows\5_DrawManager\DirectX11_ResourcesManager\5_ModelManager</Filter>
    </ClCompile>
    <ClCompile Include="TextureData.cpp">
      <Filter>1_Platform\Windows\5_DrawManager\DirectX11_ResourcesManager\4_ResourceManager\1_TextureManager\TextureData</Filter>
    </ClCompile>
    <ClCompile Include="TextureLoader.cpp">
      <Filter>1_Platform\Windows\5_DrawManager\DirectX11_ResourcesManager\4_ResourceManager</Filter>
    </ClCompile>
    <ClCompile Include="ResourceViewData.cpp">
      <Filter>1_Platform\Windows\5_DrawManager\DirectX11_ResourcesManager\4_ResourceManager\2_ViewManager\ViewData</Filter>
    </ClCompile>
    <ClCompile Include="SamplerData.cpp">
      <Filter>1_Platform\Windows\5_DrawManager\DirectX11_ResourcesManager\4_ResourceManager\3_SamplerManager\SamplerData</Filter>
    </ClCompile>
    <ClCompile Include="SamplerManager.cpp">
      <Filter>1_Platform\Windows\5_DrawManager\DirectX11_ResourcesManager\4_ResourceManager\3_SamplerManager</Filter>
    </ClCompile>
    <ClCompile Include="DirectX_FormatConverter.cpp">
      <Filter>1_Platform\Windows\5_DrawManager\DirectX11_ResourcesManager\99_DirectXFormatConverter</Filter>
    </ClCompile>
    <ClCompile Include="ActionGame.cpp">
      <Filter>0_Main</Filter>
    </ClCompile>
    <ClCompile Include="2DTriangle.cpp">
      <Filter>4_Object\TAriangle</Filter>
    </ClCompile>
    <ClCompile Include="Square2D.cpp">
      <Filter>4_Object\Square</Filter>
    </ClCompile>
    <ClCompile Include="Vertex.cpp">
      <Filter>4_Object\Vertex</Filter>
    </ClCompile>
  </ItemGroup>
  <ItemGroup>
    <ClInclude Include="ShaderData.h">
      <Filter>1_Platform\Windows\5_DrawManager\DirectX11_ResourcesManager\1_ShaderManager\Shader</Filter>
    </ClInclude>
    <ClInclude Include="NonCopyable.h">
      <Filter>2_Core</Filter>
    </ClInclude>
    <ClInclude Include="ShaderManager.h">
      <Filter>1_Platform\Windows\5_DrawManager\DirectX11_ResourcesManager\1_ShaderManager</Filter>
    </ClInclude>
    <ClInclude Include="AssetLogger.h">
      <Filter>1_Platform\Windows\5_DrawManager\DirectX11_ResourcesManager</Filter>
    </ClInclude>
    <ClInclude Include="ConstantBufferManager.h">
      <Filter>1_Platform\Windows\5_DrawManager\DirectX11_ResourcesManager\3_ConstantBufferManager</Filter>
    </ClInclude>
    <ClInclude Include="ShaderCompilUtils.h">
      <Filter>1_Platform\Windows\5_DrawManager\DirectX11_ResourcesManager\1_ShaderManager\ShaderUtils\ShaderCompilUtils</Filter>
    </ClInclude>
    <ClInclude Include="ShaderReflectionUtils.h">
      <Filter>1_Platform\Windows\5_DrawManager\DirectX11_ResourcesManager\1_ShaderManager\ShaderUtils\ShaderReflectionUtils</Filter>
    </ClInclude>
    <ClInclude Include="PlatformSystem.h">
      <Filter>1_Platform\Base\0_PlatformSystem</Filter>
    </ClInclude>
    <ClInclude Include="ReportMessage.h">
      <Filter>1_Platform\Base\1_ReportMessage</Filter>
    </ClInclude>
    <ClInclude Include="PlatformWindowsSystem.h">
      <Filter>1_Platform\Windows\0_System</Filter>
    </ClInclude>
    <ClInclude Include="Timer.h">
      <Filter>1_Platform\Base\4_PlatformTime</Filter>
    </ClInclude>
    <ClInclude Include="DirectX.h">
      <Filter>1_Platform\Windows\6_DirectX11_Core</Filter>
    </ClInclude>
    <ClInclude Include="ConstantBufferInfo.h">
      <Filter>1_Platform\Windows\5_DrawManager\DirectX11_ResourcesManager\1_ShaderManager\Shader\ShaderMetadata\ConstantBufferInfo</Filter>
    </ClInclude>
    <ClInclude Include="BaseSaveLoadObject.h">
      <Filter>2_Core\SaveLoad</Filter>
    </ClInclude>
    <ClInclude Include="SaveLoadUtils.h">
      <Filter>2_Core\SaveLoad</Filter>
    </ClInclude>
    <ClInclude Include="InputLayoutInfo.h">
      <Filter>1_Platform\Windows\5_DrawManager\DirectX11_ResourcesManager\1_ShaderManager\Shader\ShaderMetadata\InputLayoutInfo</Filter>
    </ClInclude>
    <ClInclude Include="ShaderInfo.h">
      <Filter>1_Platform\Windows\5_DrawManager\DirectX11_ResourcesManager\1_ShaderManager\Shader\ShaderMetadata\ShaderInfo</Filter>
    </ClInclude>
    <ClInclude Include="FileUtils.h">
      <Filter>2_Core\Faile</Filter>
    </ClInclude>
    <ClInclude Include="DirectX11_DrawManager.h">
      <Filter>1_Platform\Windows\5_DrawManager</Filter>
    </ClInclude>
    <ClInclude Include="WindowsMath_Utiles.h">
      <Filter>1_Platform\Windows\2_Math\0_WindowsMath_Utiles</Filter>
    </ClInclude>
    <ClInclude Include="Vector4.h">
      <Filter>1_Platform\Base\2_PlatformMath\MathStruct\Vector</Filter>
    </ClInclude>
    <ClInclude Include="Vector2.h">
      <Filter>1_Platform\Base\2_PlatformMath\MathStruct\Vector</Filter>
    </ClInclude>
    <ClInclude Include="Vector3.h">
      <Filter>1_Platform\Base\2_PlatformMath\MathStruct\Vector</Filter>
    </ClInclude>
    <ClInclude Include="Matrix4x4.h">
      <Filter>1_Platform\Base\2_PlatformMath\MathStruct\Matrix</Filter>
    </ClInclude>
    <ClInclude Include="Color.h">
      <Filter>1_Platform\Base\2_PlatformMath\MathStruct</Filter>
    </ClInclude>
    <ClInclude Include="Quaternionh.h">
      <Filter>1_Platform\Base\2_PlatformMath\MathStruct</Filter>
    </ClInclude>
    <ClInclude Include="BaseDrawManager.h">
      <Filter>1_Platform\Base\5_PlatformDrawManager</Filter>
    </ClInclude>
    <ClInclude Include="VertexBufferManager.h">
      <Filter>1_Platform\Windows\5_DrawManager\DirectX11_ResourcesManager\2_VertexBufferManager</Filter>
    </ClInclude>
    <ClInclude Include="VertexBufferData.h">
      <Filter>1_Platform\Windows\5_DrawManager\DirectX11_ResourcesManager\2_VertexBufferManager\VertexBufferInfo</Filter>
    </ClInclude>
    <ClInclude Include="GraphicsEnums.h">
      <Filter>1_Platform\Base\6_Setting</Filter>
    </ClInclude>
    <ClInclude Include="ConstantBufferData.h">
      <Filter>1_Platform\Windows\5_DrawManager\DirectX11_ResourcesManager\3_ConstantBufferManager\ConstantBufferInfo</Filter>
    </ClInclude>
    <ClInclude Include="ResourceViewManager.h">
      <Filter>1_Platform\Windows\5_DrawManager\DirectX11_ResourcesManager\4_ResourceManager\2_ViewManager</Filter>
    </ClInclude>
    <ClInclude Include="ModelManager.h">
      <Filter>1_Platform\Windows\5_DrawManager\DirectX11_ResourcesManager\5_ModelManager</Filter>
    </ClInclude>
    <ClInclude Include="TextureData.h">
      <Filter>1_Platform\Windows\5_DrawManager\DirectX11_ResourcesManager\4_ResourceManager\1_TextureManager\TextureData</Filter>
    </ClInclude>
    <ClInclude Include="TextureManager.h">
      <Filter>1_Platform\Windows\5_DrawManager\DirectX11_ResourcesManager\4_ResourceManager\1_TextureManager</Filter>
    </ClInclude>
    <ClInclude Include="TextureLoader.h">
      <Filter>1_Platform\Windows\5_DrawManager\DirectX11_ResourcesManager\4_ResourceManager</Filter>
    </ClInclude>
    <ClInclude Include="ResourceViewData.h">
      <Filter>1_Platform\Windows\5_DrawManager\DirectX11_ResourcesManager\4_ResourceManager\2_ViewManager\ViewData</Filter>
    </ClInclude>
    <ClInclude Include="SamplerData.h">
      <Filter>1_Platform\Windows\5_DrawManager\DirectX11_ResourcesManager\4_ResourceManager\3_SamplerManager\SamplerData</Filter>
    </ClInclude>
    <ClInclude Include="SamplerManager.h">
      <Filter>1_Platform\Windows\5_DrawManager\DirectX11_ResourcesManager\4_ResourceManager\3_SamplerManager</Filter>
    </ClInclude>
    <ClInclude Include="DirectX_FormatConverter.h">
      <Filter>1_Platform\Windows\5_DrawManager\DirectX11_ResourcesManager\99_DirectXFormatConverter</Filter>
    </ClInclude>
    <ClInclude Include="ActionGame.h">
      <Filter>0_Main</Filter>
    </ClInclude>
    <ClInclude Include="BaseGame.h">
      <Filter>0_Main\BaseGame</Filter>
    </ClInclude>
    <ClInclude Include="BaseObject.h">
      <Filter>4_Object\BaseObject</Filter>
    </ClInclude>
    <ClInclude Include="2DTriangle.h">
      <Filter>4_Object\TAriangle</Filter>
    </ClInclude>
    <ClInclude Include="Square2D.h">
      <Filter>4_Object\Square</Filter>
    </ClInclude>
    <ClInclude Include="Vertex.h">
      <Filter>4_Object\Vertex</Filter>
    </ClInclude>
    <ClInclude Include="SamplerSetting.h">
      <Filter>1_Platform\Base\6_Setting</Filter>
    </ClInclude>
  </ItemGroup>
  <ItemGroup>
    <FxCompile Include="VS_Object.hlsl">
      <Filter>3_Hlsl</Filter>
    </FxCompile>
    <FxCompile Include="PS_Debug.hlsl">
      <Filter>3_Hlsl\Debug</Filter>
    </FxCompile>
    <FxCompile Include="VS_Debug.hlsl">
      <Filter>3_Hlsl\Debug</Filter>
    </FxCompile>
    <FxCompile Include="VS_TriangleDebug.hlsl">
      <Filter>3_Hlsl\Triangle</Filter>
    </FxCompile>
    <FxCompile Include="PS_TriangleDebug.hlsl">
      <Filter>3_Hlsl\Triangle</Filter>
    </FxCompile>
    <FxCompile Include="PS_Texture.hlsl">
      <Filter>3_Hlsl</Filter>
    </FxCompile>
  </ItemGroup>
</Project>