<?xml version="1.0" encoding="utf-8"?>
<Project ToolsVersion="4.0" xmlns="http://schemas.microsoft.com/developer/msbuild/2003">
  <ItemGroup>
    <Filter Include="0_Main">
      <UniqueIdentifier>{27cea455-6d1f-4715-a5f0-914789bc7745}</UniqueIdentifier>
    </Filter>
    <Filter Include="1_Platform">
      <UniqueIdentifier>{444d5151-fce7-4107-8539-d76aa28f92df}</UniqueIdentifier>
    </Filter>
    <Filter Include="1_Platform\Windows">
      <UniqueIdentifier>{2b3a7e76-5e53-42fe-bf7a-3fd9df18a022}</UniqueIdentifier>
    </Filter>
    <Filter Include="1_Platform\Windows\3_Input">
      <UniqueIdentifier>{bc186f21-dee6-4bb2-a164-941e29bd0756}</UniqueIdentifier>
    </Filter>
    <Filter Include="1_Platform\Windows\0_System">
      <UniqueIdentifier>{d73c0497-5e3a-4387-9248-7f81b27ff52c}</UniqueIdentifier>
    </Filter>
    <Filter Include="1_Platform\Windows\1_ReportMessage">
      <UniqueIdentifier>{a63fa5dc-98e1-4943-8208-cf39569f8522}</UniqueIdentifier>
    </Filter>
    <Filter Include="1_Platform\Windows\2_Math">
      <UniqueIdentifier>{e853e91e-255f-4673-ae59-a0da11edc8d4}</UniqueIdentifier>
    </Filter>
    <Filter Include="1_Platform\Windows\4_Timer">
      <UniqueIdentifier>{7b4f348f-0d22-445f-a581-94055d072da4}</UniqueIdentifier>
    </Filter>
    <Filter Include="1_Platform\Base">
      <UniqueIdentifier>{6630a200-9640-4918-82d7-b2c21ec55e30}</UniqueIdentifier>
    </Filter>
    <Filter Include="1_Platform\Base\0_PlatformSystem">
      <UniqueIdentifier>{65ac5411-2b6d-42b4-8d0e-eb197d4e8193}</UniqueIdentifier>
    </Filter>
    <Filter Include="1_Platform\Base\4_PlatformTime">
      <UniqueIdentifier>{984b64ae-e14c-4800-a73d-5cc57574cea7}</UniqueIdentifier>
    </Filter>
    <Filter Include="1_Platform\Base\3_PlatformInput">
      <UniqueIdentifier>{8aeb14b8-05d4-4dfb-b8cd-bb34b3e25c75}</UniqueIdentifier>
    </Filter>
    <Filter Include="2_Core">
      <UniqueIdentifier>{d10edca7-4758-4eda-aad4-696676e55158}</UniqueIdentifier>
    </Filter>
    <Filter Include="3_Hlsl">
      <UniqueIdentifier>{194a4f8a-d370-42ab-afab-1822f9a36484}</UniqueIdentifier>
    </Filter>
    <Filter Include="2_Core\Faile">
      <UniqueIdentifier>{95ead3f2-344a-4d81-9eef-39297f6a26e4}</UniqueIdentifier>
    </Filter>
    <Filter Include="1_Platform\Windows\5_DrawManager">
      <UniqueIdentifier>{d437dcc7-3d59-4089-9f3c-6019a519f535}</UniqueIdentifier>
    </Filter>
    <Filter Include="1_Platform\Windows\2_Math\0_WindowsMath_Utiles">
      <UniqueIdentifier>{daa14929-8b49-46ad-a4fa-df33398adf26}</UniqueIdentifier>
    </Filter>
    <Filter Include="1_Platform\Windows\2_Math\MathStrut">
      <UniqueIdentifier>{97983a48-9778-4927-a308-f0bfa8bc7771}</UniqueIdentifier>
    </Filter>
    <Filter Include="1_Platform\Windows\2_Math\MathStrut\Matrix">
      <UniqueIdentifier>{3895c690-a6c7-411d-a530-9512de23e4a7}</UniqueIdentifier>
    </Filter>
    <Filter Include="1_Platform\Windows\2_Math\MathStrut\Vector">
      <UniqueIdentifier>{6b79a4e8-aeb3-4901-9ec6-290ca9652917}</UniqueIdentifier>
    </Filter>
    <Filter Include="1_Platform\Base\5_PlatformDrawManager">
      <UniqueIdentifier>{13834c66-6084-4a99-95fe-1be67916659f}</UniqueIdentifier>
    </Filter>
    <Filter Include="1_Platform\Windows\5_DrawManager\DirectX11_ResourcesManager">
      <UniqueIdentifier>{b485ea38-40c2-45b7-aa60-c162f0b52442}</UniqueIdentifier>
    </Filter>
    <Filter Include="1_Platform\Windows\5_DrawManager\DirectX11_ResourcesManager\1_ShaderManager">
      <UniqueIdentifier>{06acb924-c94c-4191-ad05-e23f7fa0df66}</UniqueIdentifier>
    </Filter>
    <Filter Include="1_Platform\Windows\5_DrawManager\DirectX11_ResourcesManager\1_ShaderManager\Shader">
      <UniqueIdentifier>{07e90396-7836-496f-9361-68a26f7d0442}</UniqueIdentifier>
    </Filter>
    <Filter Include="1_Platform\Windows\5_DrawManager\DirectX11_ResourcesManager\1_ShaderManager\Shader\ShaderMetadata">
      <UniqueIdentifier>{939007d9-4472-4e3a-9c06-8090c0f96201}</UniqueIdentifier>
    </Filter>
    <Filter Include="1_Platform\Windows\5_DrawManager\DirectX11_ResourcesManager\1_ShaderManager\Shader\ShaderMetadata\ConstantBufferInfo">
      <UniqueIdentifier>{903d97d0-b32e-456a-bf75-390dbabce1e5}</UniqueIdentifier>
    </Filter>
    <Filter Include="1_Platform\Windows\5_DrawManager\DirectX11_ResourcesManager\1_ShaderManager\Shader\ShaderMetadata\InputLayoutInfo">
      <UniqueIdentifier>{1d534925-b48d-469f-844d-389acb132409}</UniqueIdentifier>
    </Filter>
    <Filter Include="1_Platform\Windows\5_DrawManager\DirectX11_ResourcesManager\1_ShaderManager\Shader\ShaderMetadata\ShaderInfo">
      <UniqueIdentifier>{669f7f66-33ac-4c56-9a71-29dcf76c1f44}</UniqueIdentifier>
    </Filter>
    <Filter Include="1_Platform\Windows\5_DrawManager\DirectX11_ResourcesManager\1_ShaderManager\ShaderUtils">
      <UniqueIdentifier>{3307b22f-9a32-477f-89ed-a9bb36abf1bc}</UniqueIdentifier>
    </Filter>
    <Filter Include="1_Platform\Windows\5_DrawManager\DirectX11_ResourcesManager\1_ShaderManager\ShaderUtils\ShaderCompilUtils">
      <UniqueIdentifier>{6ad274d1-c662-4366-ae63-d0a62acecc89}</UniqueIdentifier>
    </Filter>
    <Filter Include="1_Platform\Windows\5_DrawManager\DirectX11_ResourcesManager\1_ShaderManager\ShaderUtils\ShaderReflectionUtils">
      <UniqueIdentifier>{cc59df9d-1389-42c4-abf2-982e73903346}</UniqueIdentifier>
    </Filter>
    <Filter Include="1_Platform\Windows\5_DrawManager\DirectX11_ResourcesManager\3_ConstantBufferManager">
      <UniqueIdentifier>{931d6c2f-dc50-434e-93e0-3860968cfad3}</UniqueIdentifier>
    </Filter>
    <Filter Include="1_Platform\Windows\5_DrawManager\DirectX11_ResourcesManager\3_ConstantBufferManager\ConstantBufferInfo">
      <UniqueIdentifier>{e1e6bc2b-c75a-4cd1-b33f-9fcb242eb2c2}</UniqueIdentifier>
    </Filter>
    <Filter Include="1_Platform\Windows\5_DrawManager\DirectX11_ResourcesManager\4_ResourceManager">
      <UniqueIdentifier>{6a38eb7f-f505-4a60-8364-a613bc5a292f}</UniqueIdentifier>
    </Filter>
    <Filter Include="1_Platform\Windows\5_DrawManager\DirectX11_ResourcesManager\2_VertexBufferManager">
      <UniqueIdentifier>{645cb89e-6963-4846-a182-50067e546d82}</UniqueIdentifier>
    </Filter>
    <Filter Include="1_Platform\Windows\5_DrawManager\DirectX11_ResourcesManager\2_VertexBufferManager\VertexBufferInfo">
      <UniqueIdentifier>{fee649e9-5c54-4797-a075-f9668ebe2d20}</UniqueIdentifier>
    </Filter>
    <Filter Include="1_Platform\Windows\5_DrawManager\DirectX11_ResourcesManager\4_ResourceManager\1_TextureManager">
      <UniqueIdentifier>{7270727c-8028-4f13-aec1-e919d9bb013c}</UniqueIdentifier>
    </Filter>
    <Filter Include="1_Platform\Windows\5_DrawManager\DirectX11_ResourcesManager\4_ResourceManager\2_ViewManager">
      <UniqueIdentifier>{572aba3a-4ad9-465e-9e2b-d844f474070d}</UniqueIdentifier>
    </Filter>
    <Filter Include="1_Platform\Windows\5_DrawManager\DirectX11_ResourcesManager\4_ResourceManager\1_TextureManager\TextureData">
      <UniqueIdentifier>{165837de-03f5-41e0-9c47-abf603dced7e}</UniqueIdentifier>
    </Filter>
    <Filter Include="1_Platform\Windows\5_DrawManager\DirectX11_ResourcesManager\4_ResourceManager\2_ViewManager\ViewData">
      <UniqueIdentifier>{994f5eb9-baf3-4bba-bef1-78e708e23482}</UniqueIdentifier>
    </Filter>
    <Filter Include="1_Platform\Windows\5_DrawManager\DirectX11_ResourcesManager\4_ResourceManager\3_SamplerManager">
      <UniqueIdentifier>{a71000c5-692b-4630-b14a-7c0413dfcc70}</UniqueIdentifier>
    </Filter>
    <Filter Include="1_Platform\Windows\5_DrawManager\DirectX11_ResourcesManager\4_ResourceManager\3_SamplerManager\SamplerData">
      <UniqueIdentifier>{3ea33533-1e78-47bc-a801-ccb51bf76d28}</UniqueIdentifier>
    </Filter>
    <Filter Include="3_Hlsl\Triangle">
      <UniqueIdentifier>{9d33cc3f-536f-4624-b1f3-cca34a018e39}</UniqueIdentifier>
    </Filter>
    <Filter Include="1_Platform\Base\6_Setting">
      <UniqueIdentifier>{b0d7046b-9219-4751-80f7-ca3155126a0d}</UniqueIdentifier>
    </Filter>
    <Filter Include="2_Core\AssetUsageLogger">
      <UniqueIdentifier>{8e5fd0c9-2970-4691-bccf-fd90bc90d16f}</UniqueIdentifier>
    </Filter>
    <Filter Include="1_Platform\Windows\5_DrawManager\DirectX11_ResourcesManager\5_IndexBufferManager">
      <UniqueIdentifier>{bf385ec2-bb69-4e1c-948e-bdac45da98bd}</UniqueIdentifier>
    </Filter>
    <Filter Include="2_Core\SaveLoad">
      <UniqueIdentifier>{3e9bee0c-817f-489a-9aae-9db8b36cb856}</UniqueIdentifier>
    </Filter>
    <Filter Include="1_Platform\Windows\5_DrawManager\DirectX11_ResourcesManager\5_IndexBufferManager\IndexBufferInfo">
      <UniqueIdentifier>{36519faf-bfd6-4da8-8579-f19fcd2bff4f}</UniqueIdentifier>
    </Filter>
    <Filter Include="1_Platform\Base\0_PlatformSystem\CursorController">
      <UniqueIdentifier>{2f986957-edfe-42f2-8c00-b9756edb440f}</UniqueIdentifier>
    </Filter>
    <Filter Include="1_Platform\Windows\0_System\DirectX_Controller">
      <UniqueIdentifier>{bc7d1dbb-d566-491a-825a-61077992d929}</UniqueIdentifier>
    </Filter>
    <Filter Include="2_Core\0_TemplateManager">
      <UniqueIdentifier>{7537375e-20b5-49e1-bcb6-ffb072bca813}</UniqueIdentifier>
    </Filter>
    <Filter Include="3_Hlsl\3D">
      <UniqueIdentifier>{bbd299b2-6a20-4720-a41f-6305df35103b}</UniqueIdentifier>
    </Filter>
    <Filter Include="3_Hlsl\UI">
      <UniqueIdentifier>{5043e37c-db96-4aea-aaa7-d9231b45957a}</UniqueIdentifier>
    </Filter>
    <Filter Include="4_Game">
      <UniqueIdentifier>{bbd536f1-b04c-455b-a8bf-018bf2951fec}</UniqueIdentifier>
    </Filter>
    <Filter Include="4_Game\0_Game">
      <UniqueIdentifier>{2520de8b-a8a8-4330-b75a-a8b7b4d50a46}</UniqueIdentifier>
    </Filter>
    <Filter Include="4_Game\0_Game\BaseGame">
      <UniqueIdentifier>{d57e8b34-7fc4-436e-aa9f-3ed6c376f43e}</UniqueIdentifier>
    </Filter>
    <Filter Include="4_Game\1_SceneManager">
      <UniqueIdentifier>{446616d3-ff4a-4e18-801c-ad9a5ffcdc85}</UniqueIdentifier>
    </Filter>
    <Filter Include="4_Game\3_Fade">
      <UniqueIdentifier>{577a3665-d054-4068-a864-454642dc738e}</UniqueIdentifier>
    </Filter>
    <Filter Include="4_Game\3_Fade\FadeState">
      <UniqueIdentifier>{b55bdf52-4512-48da-8726-aadae7c48133}</UniqueIdentifier>
    </Filter>
    <Filter Include="4_Game\3_Fade\FadeState\Base">
      <UniqueIdentifier>{c3225e31-f847-421f-9042-607236affdeb}</UniqueIdentifier>
    </Filter>
    <Filter Include="4_Game\4_Camera">
      <UniqueIdentifier>{5cc3908a-7cbf-4568-90a0-8b1306a200f1}</UniqueIdentifier>
    </Filter>
    <Filter Include="4_Game\4_Camera\0_BaseCamera">
      <UniqueIdentifier>{a38b1d75-ed52-4742-b7a1-7d6f8e969305}</UniqueIdentifier>
    </Filter>
    <Filter Include="4_Game\4_Camera\DCCCamera3D">
      <UniqueIdentifier>{b5a178c6-50c2-4cc1-9e7c-58c10e88aeaa}</UniqueIdentifier>
    </Filter>
    <Filter Include="4_Game\6_Object">
      <UniqueIdentifier>{969080dd-a2f8-4562-bb06-4298bfdaf32a}</UniqueIdentifier>
    </Filter>
    <Filter Include="4_Game\6_Object\1_ColliderObject">
      <UniqueIdentifier>{4abf6e12-acaa-49dc-bb8a-b8c83f2d0148}</UniqueIdentifier>
    </Filter>
    <Filter Include="4_Game\6_Object\1_ColliderObject\Knight">
      <UniqueIdentifier>{639ba6d4-efb4-415d-93ac-e317fcea3960}</UniqueIdentifier>
    </Filter>
    <Filter Include="4_Game\6_Object\1_ColliderObject\Player">
      <UniqueIdentifier>{e733579f-b903-4629-beb0-cca8953977b6}</UniqueIdentifier>
    </Filter>
    <Filter Include="4_Game\6_Object\0_Object">
      <UniqueIdentifier>{9ddc3bf8-1bda-4e5f-856b-215a33eea7bf}</UniqueIdentifier>
    </Filter>
    <Filter Include="4_Game\6_Object\0_Object\Square">
      <UniqueIdentifier>{a91c1d43-a461-4493-be7b-f105c91c0edf}</UniqueIdentifier>
    </Filter>
    <Filter Include="4_Game\6_Object\0_Object\Traiangle">
      <UniqueIdentifier>{6ab00672-e658-461e-bc60-e9e0bca6e5f6}</UniqueIdentifier>
    </Filter>
    <Filter Include="4_Game\6_Object\2_ObjectSystem">
      <UniqueIdentifier>{adbf4c5b-1237-4dd3-9ddc-383f60a9d184}</UniqueIdentifier>
    </Filter>
    <Filter Include="4_Game\6_Object\2_ObjectSystem\MoveObjectSystem">
      <UniqueIdentifier>{93cef4cc-d9a8-454f-bf6a-53a0acdefbd5}</UniqueIdentifier>
    </Filter>
    <Filter Include="4_Game\2_SceneState">
      <UniqueIdentifier>{394f532b-6a18-4ea4-b2ca-8a4aef866a63}</UniqueIdentifier>
    </Filter>
    <Filter Include="4_Game\2_SceneState\GameMain">
      <UniqueIdentifier>{507c4456-fbdd-4ebb-89f4-ead9a6b46826}</UniqueIdentifier>
    </Filter>
    <Filter Include="4_Game\2_SceneState\Result">
      <UniqueIdentifier>{db186405-445f-4161-af59-cb23edf9615f}</UniqueIdentifier>
    </Filter>
    <Filter Include="4_Game\2_SceneState\Debug">
      <UniqueIdentifier>{9e259aa6-d3e4-45b4-ab77-52021393bd82}</UniqueIdentifier>
    </Filter>
    <Filter Include="4_Game\2_SceneState\Title">
      <UniqueIdentifier>{9a139805-67f0-429f-8621-3fe6fb63047f}</UniqueIdentifier>
    </Filter>
    <Filter Include="4_Game\2_SceneState\0_Base">
      <UniqueIdentifier>{2a76e1de-d426-4bb1-83e7-300f23b33974}</UniqueIdentifier>
    </Filter>
    <Filter Include="4_Game\5_Light">
      <UniqueIdentifier>{0018c568-8fda-458b-936f-7df5197514d2}</UniqueIdentifier>
    </Filter>
    <Filter Include="4_Game\5_Light\Base">
      <UniqueIdentifier>{937181ef-d96f-4fa9-9c7b-3be5fbbb5643}</UniqueIdentifier>
    </Filter>
    <Filter Include="4_Game\7_Draw">
      <UniqueIdentifier>{cd92cbe2-9106-44b5-8c9c-57f27d52d099}</UniqueIdentifier>
    </Filter>
    <Filter Include="4_Game\7_Draw\BOX">
      <UniqueIdentifier>{376a9165-02aa-49c7-b6e5-8799c865be0b}</UniqueIdentifier>
    </Filter>
    <Filter Include="4_Game\7_Draw\Board">
      <UniqueIdentifier>{7f8bf257-8280-4f40-82f3-fc8eaa804e34}</UniqueIdentifier>
    </Filter>
    <Filter Include="4_Game\7_Draw\ModelDraw">
      <UniqueIdentifier>{56d07f7f-50ed-403e-8b01-cac1f63eff29}</UniqueIdentifier>
    </Filter>
    <Filter Include="4_Game\7_Draw\UI">
      <UniqueIdentifier>{894419aa-d369-4d05-9de2-b76b24208545}</UniqueIdentifier>
    </Filter>
    <Filter Include="4_Game\8_Core">
      <UniqueIdentifier>{c2729abf-6c8f-49ff-9190-430546c2895e}</UniqueIdentifier>
    </Filter>
    <Filter Include="4_Game\8_Core\Controller">
      <UniqueIdentifier>{c6848a60-8154-4ea8-9230-4992e2cc9431}</UniqueIdentifier>
    </Filter>
    <Filter Include="4_Game\8_Core\Controller\0_DCCCamera3D_Controller">
      <UniqueIdentifier>{8075e302-b5ae-428c-9437-29cf76cae215}</UniqueIdentifier>
    </Filter>
    <Filter Include="4_Game\8_Core\Module">
      <UniqueIdentifier>{4bd76209-b744-4666-80e7-233002cd6dc2}</UniqueIdentifier>
    </Filter>
    <Filter Include="4_Game\8_Core\Collider">
      <UniqueIdentifier>{07b7bbac-99f6-46dc-ac8d-c59d98def23a}</UniqueIdentifier>
    </Filter>
    <Filter Include="4_Game\8_Core\Collider\AABB">
      <UniqueIdentifier>{8ea06ef6-69fd-42e2-9e85-a4fe9e3dc4e8}</UniqueIdentifier>
    </Filter>
    <Filter Include="4_Game\8_Core\Collider\AABBTree">
      <UniqueIdentifier>{b8d80341-289c-4b8b-a05c-89bea238ac02}</UniqueIdentifier>
    </Filter>
    <Filter Include="4_Game\8_Core\Collider\AABBTree\Node">
      <UniqueIdentifier>{4c105de7-b4ef-499d-8196-19c74398b6df}</UniqueIdentifier>
    </Filter>
    <Filter Include="4_Game\8_Core\MouseConvert">
      <UniqueIdentifier>{0317739f-bc67-4bf3-b736-8b44f828f660}</UniqueIdentifier>
    </Filter>
    <Filter Include="4_Game\6_Object\0_Object\Planet">
      <UniqueIdentifier>{9386a3ed-98b4-4164-ad96-1a13366eafe7}</UniqueIdentifier>
    </Filter>
    <Filter Include="1_Platform\Base\7_PlatformCommon">
      <UniqueIdentifier>{d18ddb6e-e916-44ea-8b7c-a6c0d4b6a7e8}</UniqueIdentifier>
    </Filter>
    <Filter Include="1_Platform\Base\5_PlatformDrawManager\1_ModelManager">
      <UniqueIdentifier>{1d5bad41-8578-4e6f-b894-f64bc9dcb5f9}</UniqueIdentifier>
    </Filter>
    <Filter Include="1_Platform\Base\5_PlatformDrawManager\1_ModelManager\0_ModelConversion">
      <UniqueIdentifier>{9fd92a9e-335e-47f9-ad8c-c47588245f5a}</UniqueIdentifier>
    </Filter>
    <Filter Include="1_Platform\Base\5_PlatformDrawManager\1_ModelManager\1_MeshData">
      <UniqueIdentifier>{fe995487-afd6-456b-972d-48ef8019a8ed}</UniqueIdentifier>
    </Filter>
    <Filter Include="2_Core\1_Handle">
      <UniqueIdentifier>{474c1c22-d3b0-49be-91b3-a5eb4e742ce6}</UniqueIdentifier>
    </Filter>
    <Filter Include="2_Core\2_DrawComand">
      <UniqueIdentifier>{42ecb93c-31a1-4368-82cb-283846306f04}</UniqueIdentifier>
    </Filter>
    <Filter Include="2_Core\3_DrawPath">
      <UniqueIdentifier>{d115a5e1-1b1d-4c0a-9dde-1eb1d0665bf8}</UniqueIdentifier>
    </Filter>
    <Filter Include="2_Core\99_Imgui">
      <UniqueIdentifier>{d7b83e73-9eca-4246-a3da-008cebcd0e8c}</UniqueIdentifier>
    </Filter>
    <Filter Include="1_Platform\Base\5_PlatformDrawManager\5_ModelHandleManager">
      <UniqueIdentifier>{37da0b57-aef4-43e3-b35a-508f84fa2a9b}</UniqueIdentifier>
    </Filter>
    <Filter Include="2_Core\4_Library">
      <UniqueIdentifier>{f0727845-4505-4a86-8d0e-a4058f69c002}</UniqueIdentifier>
    </Filter>
    <Filter Include="2_Core\4_Library\1_String">
      <UniqueIdentifier>{94826396-d489-4e20-ac30-503ee1d198d0}</UniqueIdentifier>
    </Filter>
    <Filter Include="2_Core\4_Library\2_Binary">
      <UniqueIdentifier>{2499d4a3-d53d-436c-8b09-5973bced7fc2}</UniqueIdentifier>
    </Filter>
    <Filter Include="2_Core\4_Library\3_Math">
      <UniqueIdentifier>{02800bd7-b0d2-40c1-b2ee-c3b8092ef2c3}</UniqueIdentifier>
    </Filter>
    <Filter Include="2_Core\4_Library\3_Math\Matrix">
      <UniqueIdentifier>{9592bf7c-e241-4a70-92af-9cfbb0354756}</UniqueIdentifier>
    </Filter>
    <Filter Include="2_Core\4_Library\3_Math\Vector">
      <UniqueIdentifier>{72a4ab21-548f-4bff-8e34-5a09e6b41c9b}</UniqueIdentifier>
    </Filter>
    <Filter Include="1_Platform\OpenGL ES">
      <UniqueIdentifier>{e7533114-91ac-4827-aaf7-c32c4798d722}</UniqueIdentifier>
    </Filter>
    <Filter Include="2_Core\4_Library\4_ReportMessage">
      <UniqueIdentifier>{f310d8f3-b1f4-442a-99b8-8925988e5413}</UniqueIdentifier>
    </Filter>
    <Filter Include="1_Platform\Base\5_PlatformDrawManager\4_MaterialHandleManager">
      <UniqueIdentifier>{b9dc78c3-6a2e-475d-94f3-84ec57090e07}</UniqueIdentifier>
    </Filter>
    <Filter Include="1_Platform\Windows\5_DrawManager\0_DirectX11">
      <UniqueIdentifier>{2083917a-f5c6-4235-8667-82fbc9d753c6}</UniqueIdentifier>
    </Filter>
    <Filter Include="1_Platform\Windows\5_DrawManager\0_DirectX11\DirectX11_Resource">
      <UniqueIdentifier>{181b17aa-0a1a-475e-9dff-731274e87e58}</UniqueIdentifier>
    </Filter>
    <Filter Include="1_Platform\Windows\5_DrawManager\0_DirectX11\DirectX11_Resource\0_Shader">
      <UniqueIdentifier>{fda3505c-11d2-48e1-9f23-d397bb379b8f}</UniqueIdentifier>
    </Filter>
    <Filter Include="1_Platform\Windows\5_DrawManager\0_DirectX11\DirectX11_Resource\0_Shader\DirectX11_ShaderData">
      <UniqueIdentifier>{3e66acd5-664b-49f6-9ffd-d8cd69ae3134}</UniqueIdentifier>
    </Filter>
    <Filter Include="1_Platform\Windows\5_DrawManager\0_DirectX11\DirectX11_Resource\2_IndexBuffer">
      <UniqueIdentifier>{5b1ade10-673c-454f-94d1-9f6dfec0d9d9}</UniqueIdentifier>
    </Filter>
    <Filter Include="1_Platform\Windows\5_DrawManager\0_DirectX11\DirectX11_Resource\2_IndexBuffer\DirectX11_IndexBufferData">
      <UniqueIdentifier>{8a0663a5-c710-424e-a801-3a95785ca83c}</UniqueIdentifier>
    </Filter>
    <Filter Include="1_Platform\Windows\5_DrawManager\0_DirectX11\DirectX11_Resource\1_VertexBuffer">
      <UniqueIdentifier>{9245f6ff-6b1b-4136-8100-7a6f705bf766}</UniqueIdentifier>
    </Filter>
    <Filter Include="1_Platform\Windows\5_DrawManager\0_DirectX11\DirectX11_Resource\1_VertexBuffer\DirectX11_VertexBufferData">
      <UniqueIdentifier>{619d83e2-40d2-4abc-99af-144270b93f1f}</UniqueIdentifier>
    </Filter>
    <Filter Include="1_Platform\Windows\5_DrawManager\0_DirectX11\DirectX11_Resource\3_ConstantBuffer">
      <UniqueIdentifier>{a597fc41-79b6-4568-b7dd-a8fa1de8478c}</UniqueIdentifier>
    </Filter>
    <Filter Include="1_Platform\Windows\5_DrawManager\0_DirectX11\DirectX11_Resource\3_ConstantBuffer\DirectX11_ConstantBufferData">
      <UniqueIdentifier>{37acab00-a095-41bb-8d35-963b1146b6b1}</UniqueIdentifier>
    </Filter>
    <Filter Include="1_Platform\Windows\5_DrawManager\0_DirectX11\DirectX11_Resource\4_TextureResource">
      <UniqueIdentifier>{64071f8d-7992-4ad3-ae4a-f9c36ed3b160}</UniqueIdentifier>
    </Filter>
    <Filter Include="1_Platform\Windows\5_DrawManager\0_DirectX11\DirectX11_Resource\4_TextureResource\1_Texture2D">
      <UniqueIdentifier>{bce94434-1c60-4a60-91ae-bf3b2fd02793}</UniqueIdentifier>
    </Filter>
    <Filter Include="1_Platform\Windows\5_DrawManager\0_DirectX11\DirectX11_Resource\4_TextureResource\1_Texture2D\Texture2DData">
      <UniqueIdentifier>{4403e059-254a-4a7c-a691-1e669381713a}</UniqueIdentifier>
    </Filter>
    <Filter Include="1_Platform\Windows\5_DrawManager\0_DirectX11\DirectX11_Resource\4_TextureResource\2_View">
      <UniqueIdentifier>{87d80a44-99a7-4896-8435-7e57c0edefde}</UniqueIdentifier>
    </Filter>
    <Filter Include="1_Platform\Windows\5_DrawManager\0_DirectX11\DirectX11_Resource\4_TextureResource\2_View\ViewData">
      <UniqueIdentifier>{ed359337-94e3-4612-a9af-c5d871a56d90}</UniqueIdentifier>
    </Filter>
    <Filter Include="1_Platform\Windows\5_DrawManager\0_DirectX11\DirectX11_Resource\4_TextureResource\3_Sampler">
      <UniqueIdentifier>{728e918e-d190-411c-b952-f72493b0f71b}</UniqueIdentifier>
    </Filter>
    <Filter Include="1_Platform\Windows\5_DrawManager\0_DirectX11\DirectX11_Resource\4_TextureResource\3_Sampler\SamplerData">
      <UniqueIdentifier>{eb277a86-4179-4291-8996-bc6a83147a49}</UniqueIdentifier>
    </Filter>
    <Filter Include="1_Platform\Windows\5_DrawManager\0_DirectX11\DirectX11_Resource\4_TextureResource\99_TextureStruct">
      <UniqueIdentifier>{f055f1f6-df8d-402f-93a3-43f0695d5258}</UniqueIdentifier>
    </Filter>
    <Filter Include="1_Platform\Windows\5_DrawManager\0_DirectX11\DirectX11_Resource\4_TextureResource\4_TextureLoadModule">
      <UniqueIdentifier>{a24ae7e6-1d9d-462b-b51e-b7a698e6e38a}</UniqueIdentifier>
    </Filter>
    <Filter Include="1_Platform\Windows\5_DrawManager\0_DirectX11\FormatConverter">
      <UniqueIdentifier>{864e4258-9d38-448b-b781-677dd8522521}</UniqueIdentifier>
    </Filter>
    <Filter Include="1_Platform\Windows\6_ShaderCompile">
      <UniqueIdentifier>{d88de26a-a390-47a3-a628-0b06e3a701a6}</UniqueIdentifier>
    </Filter>
    <Filter Include="1_Platform\Windows\7_DirectX11_Core">
      <UniqueIdentifier>{ba54c2db-b7b6-4d96-b01a-e999173877ec}</UniqueIdentifier>
    </Filter>
    <Filter Include="1_Platform\Windows\6_ShaderCompile\DirectX11_DXBC">
      <UniqueIdentifier>{3b7c52e5-ff96-41ae-82b1-98cc63b2657c}</UniqueIdentifier>
    </Filter>
    <Filter Include="1_Platform\Windows\6_ShaderCompile\DirectX11_DXBC\2_DXBC_fxcCompile">
      <UniqueIdentifier>{13a23049-d97e-4dd1-8617-054b2ab6bf5a}</UniqueIdentifier>
    </Filter>
    <Filter Include="1_Platform\Windows\6_ShaderCompile\ReferencesData">
      <UniqueIdentifier>{8eede957-d93b-4ec3-9f94-58b299a9dc59}</UniqueIdentifier>
    </Filter>
    <Filter Include="1_Platform\Base\8_DevelopmentShaderCompile">
      <UniqueIdentifier>{4bf04251-6242-41ff-ba3e-5a9539260962}</UniqueIdentifier>
    </Filter>
    <Filter Include="1_Platform\Base\8_DevelopmentShaderCompile\0_SPIR-VCompile">
      <UniqueIdentifier>{7e67f413-2355-41ba-8b50-a26ac2733e3a}</UniqueIdentifier>
    </Filter>
    <Filter Include="1_Platform\Base\8_DevelopmentShaderCompile\1_SPIR-VReferences">
      <UniqueIdentifier>{aadbda8c-4698-458f-970f-2c563d2e8245}</UniqueIdentifier>
    </Filter>
    <Filter Include="1_Platform\Base\8_DevelopmentShaderCompile\ShadeerUtility">
      <UniqueIdentifier>{245856c6-aa09-4eca-b3ce-edd87e8de9dd}</UniqueIdentifier>
    </Filter>
    <Filter Include="1_Platform\Base\8_DevelopmentShaderCompile\1_SPIR-VReferences\spirv_reflect">
      <UniqueIdentifier>{19ca4d23-f7dc-4148-9baf-88433e08d753}</UniqueIdentifier>
    </Filter>
    <Filter Include="1_Platform\Windows\6_ShaderCompile\DirectX11_DXBC\1_DX11_DevelopmentCompile">
      <UniqueIdentifier>{e85bef9e-d31f-4e5c-8ca9-f9b4c301668d}</UniqueIdentifier>
    </Filter>
  </ItemGroup>
  <ItemGroup>
    <ClCompile Include="ShaderData.cpp">
      <Filter>1_Platform\Windows\5_DrawManager\DirectX11_ResourcesManager\1_ShaderManager\Shader</Filter>
    </ClCompile>
    <ClCompile Include="ShaderManager.cpp">
      <Filter>1_Platform\Windows\5_DrawManager\DirectX11_ResourcesManager\1_ShaderManager</Filter>
    </ClCompile>
    <ClCompile Include="ConstantBufferManager.cpp">
      <Filter>1_Platform\Windows\5_DrawManager\DirectX11_ResourcesManager\3_ConstantBufferManager</Filter>
    </ClCompile>
    <ClCompile Include="ShaderCompilUtils.cpp">
      <Filter>1_Platform\Windows\5_DrawManager\DirectX11_ResourcesManager\1_ShaderManager\ShaderUtils\ShaderCompilUtils</Filter>
    </ClCompile>
    <ClCompile Include="ShaderReflectionUtils.cpp">
      <Filter>1_Platform\Windows\5_DrawManager\DirectX11_ResourcesManager\1_ShaderManager\ShaderUtils\ShaderReflectionUtils</Filter>
    </ClCompile>
    <ClCompile Include="PlatformSystem.cpp">
      <Filter>1_Platform\Base\0_PlatformSystem</Filter>
    </ClCompile>
    <ClCompile Include="PlatformWindowsSystem.cpp">
      <Filter>1_Platform\Windows\0_System</Filter>
    </ClCompile>
    <ClCompile Include="DirectX.cpp">
      <Filter>1_Platform\Windows\7_DirectX11_Core</Filter>
    </ClCompile>
    <ClCompile Include="ConstantBufferInfo.cpp">
      <Filter>1_Platform\Windows\5_DrawManager\DirectX11_ResourcesManager\1_ShaderManager\Shader\ShaderMetadata\ConstantBufferInfo</Filter>
    </ClCompile>
    <ClCompile Include="SaveLoadUtiles.cpp">
      <Filter>2_Core\SaveLoad</Filter>
    </ClCompile>
    <ClCompile Include="InputLayoutInfo.cpp">
      <Filter>1_Platform\Windows\5_DrawManager\DirectX11_ResourcesManager\1_ShaderManager\Shader\ShaderMetadata\InputLayoutInfo</Filter>
    </ClCompile>
    <ClCompile Include="ShaderInfo.cpp">
      <Filter>1_Platform\Windows\5_DrawManager\DirectX11_ResourcesManager\1_ShaderManager\Shader\ShaderMetadata\ShaderInfo</Filter>
    </ClCompile>
    <ClCompile Include="FileUtils.cpp">
      <Filter>2_Core\Faile</Filter>
    </ClCompile>
    <ClCompile Include="VertexBufferManager.cpp">
      <Filter>1_Platform\Windows\5_DrawManager\DirectX11_ResourcesManager\2_VertexBufferManager</Filter>
    </ClCompile>
    <ClCompile Include="ConstantBufferData.cpp">
      <Filter>1_Platform\Windows\5_DrawManager\DirectX11_ResourcesManager\3_ConstantBufferManager\ConstantBufferInfo</Filter>
    </ClCompile>
    <ClCompile Include="VertexBufferIData.cpp">
      <Filter>1_Platform\Windows\5_DrawManager\DirectX11_ResourcesManager\2_VertexBufferManager\VertexBufferInfo</Filter>
    </ClCompile>
    <ClCompile Include="ResourceViewManager.cpp">
      <Filter>1_Platform\Windows\5_DrawManager\DirectX11_ResourcesManager\4_ResourceManager\2_ViewManager</Filter>
    </ClCompile>
    <ClCompile Include="TextureManager.cpp">
      <Filter>1_Platform\Windows\5_DrawManager\DirectX11_ResourcesManager\4_ResourceManager\1_TextureManager</Filter>
    </ClCompile>
    <ClCompile Include="TextureData.cpp">
      <Filter>1_Platform\Windows\5_DrawManager\DirectX11_ResourcesManager\4_ResourceManager\1_TextureManager\TextureData</Filter>
    </ClCompile>
    <ClCompile Include="TextureLoader.cpp">
      <Filter>1_Platform\Windows\5_DrawManager\DirectX11_ResourcesManager\4_ResourceManager</Filter>
    </ClCompile>
    <ClCompile Include="SamplerData.cpp">
      <Filter>1_Platform\Windows\5_DrawManager\DirectX11_ResourcesManager\4_ResourceManager\3_SamplerManager\SamplerData</Filter>
    </ClCompile>
    <ClCompile Include="SamplerManager.cpp">
      <Filter>1_Platform\Windows\5_DrawManager\DirectX11_ResourcesManager\4_ResourceManager\3_SamplerManager</Filter>
    </ClCompile>
    <ClCompile Include="2DTriangle.cpp">
      <Filter>4_Game\6_Object\0_Object\Traiangle</Filter>
    </ClCompile>
    <ClCompile Include="Square2D.cpp">
      <Filter>4_Game\6_Object\0_Object\Square</Filter>
    </ClCompile>
    <ClCompile Include="AssetLogger.cpp">
      <Filter>2_Core\AssetUsageLogger</Filter>
    </ClCompile>
    <ClCompile Include="IndexBufferManager.cpp">
      <Filter>1_Platform\Windows\5_DrawManager\DirectX11_ResourcesManager\5_IndexBufferManager</Filter>
    </ClCompile>
    <ClCompile Include="IndexBufferData.cpp">
      <Filter>1_Platform\Windows\5_DrawManager\DirectX11_ResourcesManager\5_IndexBufferManager\IndexBufferInfo</Filter>
    </ClCompile>
    <ClCompile Include="ModelManager.cpp">
      <Filter>1_Platform\Base\5_PlatformDrawManager\1_ModelManager</Filter>
    </ClCompile>
    <ClCompile Include="ModelConversionModule.cpp">
      <Filter>1_Platform\Base\5_PlatformDrawManager\1_ModelManager\0_ModelConversion</Filter>
    </ClCompile>
    <ClCompile Include="Knight.cpp">
      <Filter>4_Game\6_Object\1_ColliderObject\Knight</Filter>
    </ClCompile>
    <ClCompile Include="DirectX_Input.cpp">
      <Filter>1_Platform\Windows\3_Input</Filter>
    </ClCompile>
    <ClCompile Include="DirectX11_DrawManager.cpp">
      <Filter>1_Platform\Windows\5_DrawManager</Filter>
    </ClCompile>
    <ClCompile Include="DirectX_CursorController.cpp">
      <Filter>1_Platform\Windows\0_System\DirectX_Controller</Filter>
    </ClCompile>
    <ClCompile Include="ActionGame.cpp">
      <Filter>4_Game\0_Game</Filter>
    </ClCompile>
    <ClCompile Include="DCCCamera3D.cpp">
      <Filter>4_Game\4_Camera\DCCCamera3D</Filter>
    </ClCompile>
    <ClCompile Include="PlayerController.cpp">
      <Filter>4_Game\8_Core\Controller</Filter>
    </ClCompile>
    <ClCompile Include="DCCCamera3D_Controller.cpp">
      <Filter>4_Game\8_Core\Controller\0_DCCCamera3D_Controller</Filter>
    </ClCompile>
    <ClCompile Include="BaseCamera.cpp">
      <Filter>4_Game\4_Camera\0_BaseCamera</Filter>
    </ClCompile>
    <ClCompile Include="SceneManager.cpp">
      <Filter>4_Game\1_SceneManager</Filter>
    </ClCompile>
    <ClCompile Include="SunLight.cpp">
      <Filter>4_Game\5_Light</Filter>
    </ClCompile>
    <ClCompile Include="DebugSceneState.cpp">
      <Filter>4_Game\2_SceneState\Debug</Filter>
    </ClCompile>
    <ClCompile Include="GameMainState.cpp">
      <Filter>4_Game\2_SceneState\GameMain</Filter>
    </ClCompile>
    <ClCompile Include="ResultSceneState.cpp">
      <Filter>4_Game\2_SceneState\Result</Filter>
    </ClCompile>
    <ClCompile Include="TitleSceneState.cpp">
      <Filter>4_Game\2_SceneState\Title</Filter>
    </ClCompile>
    <ClCompile Include="FadeManager.cpp">
      <Filter>4_Game\3_Fade</Filter>
    </ClCompile>
    <ClCompile Include="CollisionSystemModule.cpp">
      <Filter>4_Game\8_Core\Collider</Filter>
    </ClCompile>
    <ClCompile Include="BOX.cpp">
      <Filter>4_Game\7_Draw\BOX</Filter>
    </ClCompile>
    <ClCompile Include="Player.cpp">
      <Filter>4_Game\6_Object\1_ColliderObject\Player</Filter>
    </ClCompile>
    <ClCompile Include="AABBTree.cpp">
      <Filter>4_Game\8_Core\Collider\AABBTree</Filter>
    </ClCompile>
    <ClCompile Include="Board.cpp">
      <Filter>4_Game\7_Draw\Board</Filter>
    </ClCompile>
    <ClCompile Include="ObjectSystem.cpp">
      <Filter>4_Game\6_Object\2_ObjectSystem</Filter>
    </ClCompile>
    <ClCompile Include="MoveObjectSystem.cpp">
      <Filter>4_Game\6_Object\2_ObjectSystem\MoveObjectSystem</Filter>
    </ClCompile>
    <ClCompile Include="MouseConvert.cpp">
      <Filter>4_Game\8_Core\MouseConvert</Filter>
    </ClCompile>
    <ClCompile Include="Main.cpp">
      <Filter>0_Main</Filter>
    </ClCompile>
    <ClCompile Include="ModelLoadeModule.cpp">
      <Filter>1_Platform\Base\5_PlatformDrawManager\1_ModelManager</Filter>
    </ClCompile>
    <ClCompile Include="ModelDrawModule.cpp">
      <Filter>4_Game\7_Draw\ModelDraw</Filter>
    </ClCompile>
    <ClCompile Include="UIDrawModule.cpp">
      <Filter>4_Game\7_Draw\UI</Filter>
    </ClCompile>
    <ClCompile Include="MovePlanet.cpp">
      <Filter>4_Game\6_Object\0_Object\Planet</Filter>
    </ClCompile>
    <ClCompile Include="ResourceViewData.cpp">
      <Filter>1_Platform\Windows\5_DrawManager\DirectX11_ResourcesManager\4_ResourceManager\2_ViewManager\ViewData</Filter>
    </ClCompile>
    <ClCompile Include="UTF8_String.cpp">
      <Filter>2_Core\4_Library\1_String</Filter>
    </ClCompile>
    <ClCompile Include="1_Platform\Windows\0_WindowsLibrary\WindowsMath_Utiles.cpp">
      <Filter>1_Platform\Windows\2_Math\0_WindowsMath_Utiles</Filter>
    </ClCompile>
    <ClCompile Include="1_Platform\Windows\0_WindowsLibrary\Windows_Color.cpp">
      <Filter>1_Platform\Windows\2_Math\MathStrut</Filter>
    </ClCompile>
    <ClCompile Include="1_Platform\Windows\0_WindowsLibrary\Windows_Quaternion.cpp">
      <Filter>1_Platform\Windows\2_Math\MathStrut</Filter>
    </ClCompile>
    <ClCompile Include="1_Platform\Windows\0_WindowsLibrary\Windows_Matrix3x3.cpp">
      <Filter>1_Platform\Windows\2_Math\MathStrut\Matrix</Filter>
    </ClCompile>
    <ClCompile Include="1_Platform\Windows\0_WindowsLibrary\Windows_Matrix4x4.cpp">
      <Filter>1_Platform\Windows\2_Math\MathStrut\Matrix</Filter>
    </ClCompile>
    <ClCompile Include="1_Platform\Windows\0_WindowsLibrary\Windows_Vector2.cpp">
      <Filter>1_Platform\Windows\2_Math\MathStrut\Vector</Filter>
    </ClCompile>
    <ClCompile Include="1_Platform\Windows\0_WindowsLibrary\Windows_Vector3.cpp">
      <Filter>1_Platform\Windows\2_Math\MathStrut\Vector</Filter>
    </ClCompile>
    <ClCompile Include="1_Platform\Windows\0_WindowsLibrary\Windows_Vector4.cpp">
      <Filter>1_Platform\Windows\2_Math\MathStrut\Vector</Filter>
    </ClCompile>
    <ClCompile Include="1_Platform\Windows\0_WindowsLibrary\Windows_ReportMessage.cpp">
      <Filter>1_Platform\Windows\1_ReportMessage</Filter>
    </ClCompile>
    <ClCompile Include="1_Platform\Windows\0_WindowsLibrary\Windows_SPIRVCompileModule.cpp">
      <Filter>1_Platform\Base\8_DevelopmentShaderCompile\0_SPIR-VCompile</Filter>
    </ClCompile>
    <ClCompile Include="1_Platform\Windows\1_DirectX11\DirectX11_ReferenceData.cpp">
      <Filter>1_Platform\Windows\6_ShaderCompile\ReferencesData</Filter>
    </ClCompile>
    <ClCompile Include="1_Platform\Windows\1_DirectX11\DirectX11_DrawCreate.cpp">
      <Filter>1_Platform\Windows\5_DrawManager\0_DirectX11</Filter>
    </ClCompile>
    <ClCompile Include="1_Platform\Windows\1_DirectX11\DirectX11_ResourceManager.cpp">
      <Filter>1_Platform\Windows\5_DrawManager\0_DirectX11</Filter>
    </ClCompile>
    <ClCompile Include="1_Platform\Windows\1_DirectX11\DirectX11_FormatConverter.cpp">
      <Filter>1_Platform\Windows\5_DrawManager\0_DirectX11\FormatConverter</Filter>
    </ClCompile>
    <ClCompile Include="1_Platform\Windows\1_DirectX11\DirectX11_ShaderData.cpp">
      <Filter>1_Platform\Windows\5_DrawManager\0_DirectX11\DirectX11_Resource\0_Shader\DirectX11_ShaderData</Filter>
    </ClCompile>
    <ClCompile Include="1_Platform\Windows\1_DirectX11\DirectX11_ShaderManager.cpp">
      <Filter>1_Platform\Windows\5_DrawManager\0_DirectX11\DirectX11_Resource\0_Shader</Filter>
    </ClCompile>
    <ClCompile Include="1_Platform\Windows\1_DirectX11\DirectX11_VertexBufferData.cpp">
      <Filter>1_Platform\Windows\5_DrawManager\0_DirectX11\DirectX11_Resource\1_VertexBuffer\DirectX11_VertexBufferData</Filter>
    </ClCompile>
    <ClCompile Include="1_Platform\Windows\1_DirectX11\DirectX11_VertexBufferManager.cpp">
      <Filter>1_Platform\Windows\5_DrawManager\0_DirectX11\DirectX11_Resource\1_VertexBuffer</Filter>
    </ClCompile>
    <ClCompile Include="1_Platform\Windows\1_DirectX11\DirectX11_IndexBufferData.cpp">
      <Filter>1_Platform\Windows\5_DrawManager\0_DirectX11\DirectX11_Resource\2_IndexBuffer\DirectX11_IndexBufferData</Filter>
    </ClCompile>
    <ClCompile Include="1_Platform\Windows\1_DirectX11\DirectX11_IndexBufferManager.cpp">
      <Filter>1_Platform\Windows\5_DrawManager\0_DirectX11\DirectX11_Resource\2_IndexBuffer</Filter>
    </ClCompile>
    <ClCompile Include="1_Platform\Windows\1_DirectX11\DirectX11_ConstantBufferData.cpp">
      <Filter>1_Platform\Windows\5_DrawManager\0_DirectX11\DirectX11_Resource\3_ConstantBuffer\DirectX11_ConstantBufferData</Filter>
    </ClCompile>
    <ClCompile Include="1_Platform\Windows\1_DirectX11\DirectX11_ConstantBufferManager.cpp">
      <Filter>1_Platform\Windows\5_DrawManager\0_DirectX11\DirectX11_Resource\3_ConstantBuffer</Filter>
    </ClCompile>
    <ClCompile Include="1_Platform\Windows\1_DirectX11\DirectX11_Texture2DData.cpp">
      <Filter>1_Platform\Windows\5_DrawManager\0_DirectX11\DirectX11_Resource\4_TextureResource\1_Texture2D\Texture2DData</Filter>
    </ClCompile>
    <ClCompile Include="1_Platform\Windows\1_DirectX11\DirectX11_Texture2DBufferManager.cpp">
      <Filter>1_Platform\Windows\5_DrawManager\0_DirectX11\DirectX11_Resource\4_TextureResource\1_Texture2D</Filter>
    </ClCompile>
    <ClCompile Include="1_Platform\Windows\1_DirectX11\DirectX11_ViewData.cpp">
      <Filter>1_Platform\Windows\5_DrawManager\0_DirectX11\DirectX11_Resource\4_TextureResource\2_View\ViewData</Filter>
    </ClCompile>
    <ClCompile Include="1_Platform\Windows\1_DirectX11\DirectX11_ViewManager.cpp">
      <Filter>1_Platform\Windows\5_DrawManager\0_DirectX11\DirectX11_Resource\4_TextureResource\2_View</Filter>
    </ClCompile>
    <ClCompile Include="1_Platform\Windows\1_DirectX11\DirectX11_SamplerData.cpp">
      <Filter>1_Platform\Windows\5_DrawManager\0_DirectX11\DirectX11_Resource\4_TextureResource\3_Sampler\SamplerData</Filter>
    </ClCompile>
    <ClCompile Include="1_Platform\Windows\1_DirectX11\DirectX11_SamplerManager.cpp">
      <Filter>1_Platform\Windows\5_DrawManager\0_DirectX11\DirectX11_Resource\4_TextureResource\3_Sampler</Filter>
    </ClCompile>
    <ClCompile Include="1_Platform\Windows\1_DirectX11\DirectX11_TextureLoadModule.cpp">
      <Filter>1_Platform\Windows\5_DrawManager\0_DirectX11\DirectX11_Resource\4_TextureResource\4_TextureLoadModule</Filter>
    </ClCompile>
    <ClCompile Include="1_Platform\Windows\1_DirectX11\DirectX11_TextureResourceManager.cpp">
      <Filter>1_Platform\Windows\5_DrawManager\0_DirectX11\DirectX11_Resource\4_TextureResource</Filter>
    </ClCompile>
    <ClCompile Include="1_Platform\Windows\0_WindowsLibrary\Windows_Timer.cpp">
      <Filter>1_Platform\Windows\4_Timer</Filter>
    </ClCompile>
    <ClCompile Include="ShaderUtility.cpp">
      <Filter>1_Platform\Base\8_DevelopmentShaderCompile\ShadeerUtility</Filter>
    </ClCompile>
    <ClCompile Include="3_SPIRV\spirv_reflect.c">
      <Filter>1_Platform\Base\8_DevelopmentShaderCompile\1_SPIR-VReferences\spirv_reflect</Filter>
    </ClCompile>
    <ClCompile Include="4_Imgui\imgui.cpp">
      <Filter>2_Core\99_Imgui</Filter>
    </ClCompile>
    <ClCompile Include="4_Imgui\imgui_demo.cpp">
      <Filter>2_Core\99_Imgui</Filter>
    </ClCompile>
    <ClCompile Include="4_Imgui\imgui_draw.cpp">
      <Filter>2_Core\99_Imgui</Filter>
    </ClCompile>
    <ClCompile Include="4_Imgui\imgui_tables.cpp">
      <Filter>2_Core\99_Imgui</Filter>
    </ClCompile>
    <ClCompile Include="4_Imgui\imgui_widgets.cpp">
      <Filter>2_Core\99_Imgui</Filter>
    </ClCompile>
    <ClCompile Include="4_Imgui\imgui_impl_dx11.cpp">
      <Filter>2_Core\99_Imgui</Filter>
    </ClCompile>
    <ClCompile Include="4_Imgui\imgui_impl_win32.cpp">
      <Filter>2_Core\99_Imgui</Filter>
    </ClCompile>
    <ClCompile Include="1_Platform\Windows\1_DirectX11\DirectX11_References.cpp">
      <Filter>1_Platform\Windows\6_ShaderCompile</Filter>
    </ClCompile>
    <ClCompile Include="3_SPIRV\SPIRVReferenctModule.cpp">
      <Filter>1_Platform\Base\8_DevelopmentShaderCompile\1_SPIR-VReferences</Filter>
    </ClCompile>
    <ClCompile Include="1_Platform\Windows\1_DirectX11\0_Development\DirectX11_DevelopmentCompileModule.cpp">
      <Filter>1_Platform\Windows\6_ShaderCompile\DirectX11_DXBC\1_DX11_DevelopmentCompile</Filter>
    </ClCompile>
    <ClCompile Include="1_Platform\Windows\1_DirectX11\0_Development\DirectX11_DXBCCompileModule.cpp">
      <Filter>1_Platform\Windows\6_ShaderCompile\DirectX11_DXBC\2_DXBC_fxcCompile</Filter>
    </ClCompile>
  </ItemGroup>
  <ItemGroup>
    <ClInclude Include="ShaderData.h">
      <Filter>1_Platform\Windows\5_DrawManager\DirectX11_ResourcesManager\1_ShaderManager\Shader</Filter>
    </ClInclude>
    <ClInclude Include="NonCopyable.h">
      <Filter>2_Core</Filter>
    </ClInclude>
    <ClInclude Include="ShaderManager.h">
      <Filter>1_Platform\Windows\5_DrawManager\DirectX11_ResourcesManager\1_ShaderManager</Filter>
    </ClInclude>
    <ClInclude Include="ConstantBufferManager.h">
      <Filter>1_Platform\Windows\5_DrawManager\DirectX11_ResourcesManager\3_ConstantBufferManager</Filter>
    </ClInclude>
    <ClInclude Include="ShaderCompilUtils.h">
      <Filter>1_Platform\Windows\5_DrawManager\DirectX11_ResourcesManager\1_ShaderManager\ShaderUtils\ShaderCompilUtils</Filter>
    </ClInclude>
    <ClInclude Include="ShaderReflectionUtils.h">
      <Filter>1_Platform\Windows\5_DrawManager\DirectX11_ResourcesManager\1_ShaderManager\ShaderUtils\ShaderReflectionUtils</Filter>
    </ClInclude>
    <ClInclude Include="PlatformSystem.h">
      <Filter>1_Platform\Base\0_PlatformSystem</Filter>
    </ClInclude>
    <ClInclude Include="ReportMessage.h">
      <Filter>2_Core\4_Library\4_ReportMessage</Filter>
    </ClInclude>
    <ClInclude Include="PlatformWindowsSystem.h">
      <Filter>1_Platform\Windows\0_System</Filter>
    </ClInclude>
    <ClInclude Include="Timer.h">
      <Filter>1_Platform\Base\4_PlatformTime</Filter>
    </ClInclude>
    <ClInclude Include="DirectX.h">
      <Filter>1_Platform\Windows\7_DirectX11_Core</Filter>
    </ClInclude>
    <ClInclude Include="ConstantBufferInfo.h">
      <Filter>1_Platform\Windows\5_DrawManager\DirectX11_ResourcesManager\1_ShaderManager\Shader\ShaderMetadata\ConstantBufferInfo</Filter>
    </ClInclude>
    <ClInclude Include="BaseSaveLoadObject.h">
      <Filter>2_Core\SaveLoad</Filter>
    </ClInclude>
    <ClInclude Include="SaveLoadUtils.h">
      <Filter>2_Core\SaveLoad</Filter>
    </ClInclude>
    <ClInclude Include="InputLayoutInfo.h">
      <Filter>1_Platform\Windows\5_DrawManager\DirectX11_ResourcesManager\1_ShaderManager\Shader\ShaderMetadata\InputLayoutInfo</Filter>
    </ClInclude>
    <ClInclude Include="ShaderInfo.h">
      <Filter>1_Platform\Windows\5_DrawManager\DirectX11_ResourcesManager\1_ShaderManager\Shader\ShaderMetadata\ShaderInfo</Filter>
    </ClInclude>
    <ClInclude Include="FileUtils.h">
      <Filter>2_Core\Faile</Filter>
    </ClInclude>
    <ClInclude Include="DirectX11_DrawManager.h">
      <Filter>1_Platform\Windows\5_DrawManager</Filter>
    </ClInclude>
    <ClInclude Include="Vector4.h">
      <Filter>2_Core\4_Library\3_Math\Vector</Filter>
    </ClInclude>
    <ClInclude Include="Vector2.h">
      <Filter>2_Core\4_Library\3_Math\Vector</Filter>
    </ClInclude>
    <ClInclude Include="Vector3.h">
      <Filter>2_Core\4_Library\3_Math\Vector</Filter>
    </ClInclude>
    <ClInclude Include="Matrix4x4.h">
      <Filter>2_Core\4_Library\3_Math\Matrix</Filter>
    </ClInclude>
    <ClInclude Include="VertexBufferManager.h">
      <Filter>1_Platform\Windows\5_DrawManager\DirectX11_ResourcesManager\2_VertexBufferManager</Filter>
    </ClInclude>
    <ClInclude Include="VertexBufferData.h">
      <Filter>1_Platform\Windows\5_DrawManager\DirectX11_ResourcesManager\2_VertexBufferManager\VertexBufferInfo</Filter>
    </ClInclude>
    <ClInclude Include="GraphicsEnums.h">
      <Filter>1_Platform\Base\6_Setting</Filter>
    </ClInclude>
    <ClInclude Include="ConstantBufferData.h">
      <Filter>1_Platform\Windows\5_DrawManager\DirectX11_ResourcesManager\3_ConstantBufferManager\ConstantBufferInfo</Filter>
    </ClInclude>
    <ClInclude Include="ResourceViewManager.h">
      <Filter>1_Platform\Windows\5_DrawManager\DirectX11_ResourcesManager\4_ResourceManager\2_ViewManager</Filter>
    </ClInclude>
    <ClInclude Include="TextureData.h">
      <Filter>1_Platform\Windows\5_DrawManager\DirectX11_ResourcesManager\4_ResourceManager\1_TextureManager\TextureData</Filter>
    </ClInclude>
    <ClInclude Include="TextureManager.h">
      <Filter>1_Platform\Windows\5_DrawManager\DirectX11_ResourcesManager\4_ResourceManager\1_TextureManager</Filter>
    </ClInclude>
    <ClInclude Include="TextureLoader.h">
      <Filter>1_Platform\Windows\5_DrawManager\DirectX11_ResourcesManager\4_ResourceManager</Filter>
    </ClInclude>
    <ClInclude Include="SamplerData.h">
      <Filter>1_Platform\Windows\5_DrawManager\DirectX11_ResourcesManager\4_ResourceManager\3_SamplerManager\SamplerData</Filter>
    </ClInclude>
    <ClInclude Include="SamplerManager.h">
      <Filter>1_Platform\Windows\5_DrawManager\DirectX11_ResourcesManager\4_ResourceManager\3_SamplerManager</Filter>
    </ClInclude>
    <ClInclude Include="BaseGame.h">
      <Filter>4_Game\0_Game\BaseGame</Filter>
    </ClInclude>
    <ClInclude Include="BaseObject.h">
      <Filter>4_Game\6_Object\0_Object</Filter>
    </ClInclude>
    <ClInclude Include="2DTriangle.h">
      <Filter>4_Game\6_Object\0_Object\Traiangle</Filter>
    </ClInclude>
    <ClInclude Include="Square2D.h">
      <Filter>4_Game\6_Object\0_Object\Square</Filter>
    </ClInclude>
    <ClInclude Include="SamplerSetting.h">
      <Filter>1_Platform\Base\6_Setting</Filter>
    </ClInclude>
    <ClInclude Include="AssetLogger.h">
      <Filter>2_Core\AssetUsageLogger</Filter>
    </ClInclude>
    <ClInclude Include="IndexBufferManager.h">
      <Filter>1_Platform\Windows\5_DrawManager\DirectX11_ResourcesManager\5_IndexBufferManager</Filter>
    </ClInclude>
    <ClInclude Include="IndexBufferData.h">
      <Filter>1_Platform\Windows\5_DrawManager\DirectX11_ResourcesManager\5_IndexBufferManager\IndexBufferInfo</Filter>
    </ClInclude>
    <ClInclude Include="UseShaderType.h">
      <Filter>1_Platform\Base\6_Setting</Filter>
    </ClInclude>
    <ClInclude Include="ModelManager.h">
      <Filter>1_Platform\Base\5_PlatformDrawManager\1_ModelManager</Filter>
    </ClInclude>
    <ClInclude Include="ModelData.h">
      <Filter>1_Platform\Base\5_PlatformDrawManager\1_ModelManager\1_MeshData</Filter>
    </ClInclude>
    <ClInclude Include="Vertex.h">
      <Filter>1_Platform\Base\5_PlatformDrawManager\1_ModelManager\1_MeshData</Filter>
    </ClInclude>
    <ClInclude Include="ModelConversionModule.h">
      <Filter>1_Platform\Base\5_PlatformDrawManager\1_ModelManager\0_ModelConversion</Filter>
    </ClInclude>
    <ClInclude Include="MaterialData.h">
      <Filter>1_Platform\Base\5_PlatformDrawManager\1_ModelManager\1_MeshData</Filter>
    </ClInclude>
    <ClInclude Include="Knight.h">
      <Filter>4_Game\6_Object\1_ColliderObject\Knight</Filter>
    </ClInclude>
    <ClInclude Include="DepthStencilSetting.h">
      <Filter>1_Platform\Base\6_Setting</Filter>
    </ClInclude>
    <ClInclude Include="CullingSetting.h">
      <Filter>1_Platform\Base\6_Setting</Filter>
    </ClInclude>
    <ClInclude Include="FillModeSetting.h">
      <Filter>1_Platform\Base\6_Setting</Filter>
    </ClInclude>
    <ClInclude Include="AlphaDizaSetting.h">
      <Filter>1_Platform\Base\6_Setting</Filter>
    </ClInclude>
    <ClInclude Include="input.h">
      <Filter>1_Platform\Base\3_PlatformInput</Filter>
    </ClInclude>
    <ClInclude Include="DirectX_Input.h">
      <Filter>1_Platform\Windows\3_Input</Filter>
    </ClInclude>
    <ClInclude Include="CursorController.h">
      <Filter>1_Platform\Base\0_PlatformSystem\CursorController</Filter>
    </ClInclude>
    <ClInclude Include="DirectX_CursorController.h">
      <Filter>1_Platform\Windows\0_System\DirectX_Controller</Filter>
    </ClInclude>
    <ClInclude Include="ActionGame.h">
      <Filter>4_Game\0_Game</Filter>
    </ClInclude>
    <ClInclude Include="BaseCamera.h">
      <Filter>4_Game\4_Camera\0_BaseCamera</Filter>
    </ClInclude>
    <ClInclude Include="DCCCamera3D.h">
      <Filter>4_Game\4_Camera\DCCCamera3D</Filter>
    </ClInclude>
    <ClInclude Include="PlayerController.h">
      <Filter>4_Game\8_Core\Controller</Filter>
    </ClInclude>
    <ClInclude Include="DCCCamera3D_Controller.h">
      <Filter>4_Game\8_Core\Controller\0_DCCCamera3D_Controller</Filter>
    </ClInclude>
    <ClInclude Include="SceneManager.h">
      <Filter>4_Game\1_SceneManager</Filter>
    </ClInclude>
    <ClInclude Include="BaseSceneState.h">
      <Filter>4_Game\2_SceneState\0_Base</Filter>
    </ClInclude>
    <ClInclude Include="SunLight.h">
      <Filter>4_Game\5_Light</Filter>
    </ClInclude>
    <ClInclude Include="BaseLight.h">
      <Filter>4_Game\5_Light\Base</Filter>
    </ClInclude>
    <ClInclude Include="GameModule.h">
      <Filter>4_Game\8_Core\Module</Filter>
    </ClInclude>
    <ClInclude Include="GameMainState.h">
      <Filter>4_Game\2_SceneState\GameMain</Filter>
    </ClInclude>
    <ClInclude Include="ResultSceneState.h">
      <Filter>4_Game\2_SceneState\Result</Filter>
    </ClInclude>
    <ClInclude Include="FadeManager.h">
      <Filter>4_Game\3_Fade</Filter>
    </ClInclude>
    <ClInclude Include="BaseFadeState.h">
      <Filter>4_Game\3_Fade\FadeState\Base</Filter>
    </ClInclude>
    <ClInclude Include="FadeIDSetting.h">
      <Filter>4_Game\3_Fade</Filter>
    </ClInclude>
    <ClInclude Include="SceneIDSetting.h">
      <Filter>4_Game\1_SceneManager</Filter>
    </ClInclude>
    <ClInclude Include="AABBCollider.h">
      <Filter>4_Game\8_Core\Collider\AABB</Filter>
    </ClInclude>
    <ClInclude Include="CollisionSystemModule.h">
      <Filter>4_Game\8_Core\Collider</Filter>
    </ClInclude>
    <ClInclude Include="BOX.h">
      <Filter>4_Game\7_Draw\BOX</Filter>
    </ClInclude>
    <ClInclude Include="Player.h">
      <Filter>4_Game\6_Object\1_ColliderObject\Player</Filter>
    </ClInclude>
    <ClInclude Include="ColliderConfig.h">
      <Filter>4_Game\8_Core\Collider</Filter>
    </ClInclude>
    <ClInclude Include="ColliderObject.h">
      <Filter>4_Game\6_Object\1_ColliderObject</Filter>
    </ClInclude>
    <ClInclude Include="Matrix3x3.h">
      <Filter>2_Core\4_Library\3_Math\Matrix</Filter>
    </ClInclude>
    <ClInclude Include="AABBNode.h">
      <Filter>4_Game\8_Core\Collider\AABBTree\Node</Filter>
    </ClInclude>
    <ClInclude Include="AABBTree.h">
      <Filter>4_Game\8_Core\Collider\AABBTree</Filter>
    </ClInclude>
    <ClInclude Include="DebugSceneState.h">
      <Filter>4_Game\2_SceneState\Debug</Filter>
    </ClInclude>
    <ClInclude Include="Board.h">
      <Filter>4_Game\7_Draw\Board</Filter>
    </ClInclude>
    <ClInclude Include="ObjectSystem.h">
      <Filter>4_Game\6_Object\2_ObjectSystem</Filter>
    </ClInclude>
    <ClInclude Include="MoveObjectSystem.h">
      <Filter>4_Game\6_Object\2_ObjectSystem\MoveObjectSystem</Filter>
    </ClInclude>
    <ClInclude Include="MouseConvert.h">
      <Filter>4_Game\8_Core\MouseConvert</Filter>
    </ClInclude>
    <ClInclude Include="DrawComand.h">
      <Filter>2_Core\2_DrawComand</Filter>
    </ClInclude>
    <ClInclude Include="BaseDrawCreate.h">
      <Filter>1_Platform\Base\5_PlatformDrawManager</Filter>
    </ClInclude>
    <ClInclude Include="ModelLoadeModule.h">
      <Filter>1_Platform\Base\5_PlatformDrawManager\1_ModelManager</Filter>
    </ClInclude>
    <ClInclude Include="BaseDrawManager.h">
      <Filter>1_Platform\Base\5_PlatformDrawManager</Filter>
    </ClInclude>
    <ClInclude Include="Handle.h">
      <Filter>2_Core\1_Handle</Filter>
    </ClInclude>
    <ClInclude Include="DrawPathConfig.h">
      <Filter>2_Core\3_DrawPath</Filter>
    </ClInclude>
    <ClInclude Include="TextureHandleh.h">
      <Filter>2_Core\1_Handle</Filter>
    </ClInclude>
    <ClInclude Include="ModelDrawModule.h">
      <Filter>4_Game\7_Draw\ModelDraw</Filter>
    </ClInclude>
    <ClInclude Include="UIDrawModule.h">
      <Filter>4_Game\7_Draw\UI</Filter>
    </ClInclude>
    <ClInclude Include="TitleSceneState.h">
      <Filter>4_Game\2_SceneState\Title</Filter>
    </ClInclude>
    <ClInclude Include="MovePlanet.h">
      <Filter>4_Game\6_Object\0_Object\Planet</Filter>
    </ClInclude>
    <ClInclude Include="Core.h">
      <Filter>0_Main</Filter>
    </ClInclude>
    <ClInclude Include="TemplateManager.h">
      <Filter>2_Core\0_TemplateManager</Filter>
    </ClInclude>
    <ClInclude Include="ResourceViewData.h">
      <Filter>1_Platform\Windows\5_DrawManager\DirectX11_ResourcesManager\4_ResourceManager\2_ViewManager\ViewData</Filter>
    </ClInclude>
    <ClInclude Include="ShaderConstantInfo.h">
      <Filter>1_Platform\Base\7_PlatformCommon</Filter>
    </ClInclude>
    <ClInclude Include="MaterialHandle.h">
      <Filter>2_Core\1_Handle</Filter>
    </ClInclude>
    <ClInclude Include="Hashed_String.h">
      <Filter>2_Core\4_Library\1_String</Filter>
    </ClInclude>
    <ClInclude Include="UTF8_String.h">
      <Filter>2_Core\4_Library\1_String</Filter>
    </ClInclude>
    <ClInclude Include="UTF8_StringView.h">
      <Filter>2_Core\4_Library\1_String</Filter>
    </ClInclude>
    <ClInclude Include="BinaryView.h">
      <Filter>2_Core\4_Library\2_Binary</Filter>
    </ClInclude>
    <ClInclude Include="SRT.h">
      <Filter>2_Core\4_Library\3_Math</Filter>
    </ClInclude>
    <ClInclude Include="ModelHandle.h">
      <Filter>2_Core\1_Handle</Filter>
    </ClInclude>
    <ClInclude Include="ModelHandleManager.h">
      <Filter>1_Platform\Base\5_PlatformDrawManager\5_ModelHandleManager</Filter>
    </ClInclude>
    <ClInclude Include="Quaternionh.h">
      <Filter>2_Core\4_Library\3_Math</Filter>
    </ClInclude>
    <ClInclude Include="Color.h">
      <Filter>2_Core\4_Library\3_Math</Filter>
    </ClInclude>
    <ClInclude Include="MaterialHandleManager.h">
      <Filter>1_Platform\Base\5_PlatformDrawManager\4_MaterialHandleManager</Filter>
    </ClInclude>
    <ClInclude Include="1_Platform\Windows\0_WindowsLibrary\WindowsMath_Utiles.h">
      <Filter>1_Platform\Windows\2_Math\0_WindowsMath_Utiles</Filter>
    </ClInclude>
    <ClInclude Include="1_Platform\Windows\0_WindowsLibrary\Windows_SPIRVCompileModule.h">
      <Filter>1_Platform\Base\8_DevelopmentShaderCompile\0_SPIR-VCompile</Filter>
    </ClInclude>
    <ClInclude Include="1_Platform\Windows\1_DirectX11\DirectX11_ReferenceData.h">
      <Filter>1_Platform\Windows\6_ShaderCompile\ReferencesData</Filter>
    </ClInclude>
    <ClInclude Include="1_Platform\Windows\1_DirectX11\DirectX11_DrawCreate.h">
      <Filter>1_Platform\Windows\5_DrawManager\0_DirectX11</Filter>
    </ClInclude>
    <ClInclude Include="1_Platform\Windows\1_DirectX11\DirectX11_ResourceManager.h">
      <Filter>1_Platform\Windows\5_DrawManager\0_DirectX11</Filter>
    </ClInclude>
    <ClInclude Include="1_Platform\Windows\1_DirectX11\DirectX11_FormatConverter.h">
      <Filter>1_Platform\Windows\5_DrawManager\0_DirectX11\FormatConverter</Filter>
    </ClInclude>
    <ClInclude Include="1_Platform\Windows\1_DirectX11\DirectX11_ShaderData.h">
      <Filter>1_Platform\Windows\5_DrawManager\0_DirectX11\DirectX11_Resource\0_Shader\DirectX11_ShaderData</Filter>
    </ClInclude>
    <ClInclude Include="1_Platform\Windows\1_DirectX11\DirectX11_ShaderManager.h">
      <Filter>1_Platform\Windows\5_DrawManager\0_DirectX11\DirectX11_Resource\0_Shader</Filter>
    </ClInclude>
    <ClInclude Include="1_Platform\Windows\1_DirectX11\DirectX11_VertexBufferData.h">
      <Filter>1_Platform\Windows\5_DrawManager\0_DirectX11\DirectX11_Resource\1_VertexBuffer\DirectX11_VertexBufferData</Filter>
    </ClInclude>
    <ClInclude Include="1_Platform\Windows\1_DirectX11\DirectX11_VertexBufferManager.h">
      <Filter>1_Platform\Windows\5_DrawManager\0_DirectX11\DirectX11_Resource\1_VertexBuffer</Filter>
    </ClInclude>
    <ClInclude Include="1_Platform\Windows\1_DirectX11\DirectX11_IndexBufferData.h">
      <Filter>1_Platform\Windows\5_DrawManager\0_DirectX11\DirectX11_Resource\2_IndexBuffer\DirectX11_IndexBufferData</Filter>
    </ClInclude>
    <ClInclude Include="1_Platform\Windows\1_DirectX11\DirectX11_IndexBufferManager.h">
      <Filter>1_Platform\Windows\5_DrawManager\0_DirectX11\DirectX11_Resource\2_IndexBuffer</Filter>
    </ClInclude>
    <ClInclude Include="1_Platform\Windows\1_DirectX11\DirectX11_ConstantBufferData.h">
      <Filter>1_Platform\Windows\5_DrawManager\0_DirectX11\DirectX11_Resource\3_ConstantBuffer\DirectX11_ConstantBufferData</Filter>
    </ClInclude>
    <ClInclude Include="1_Platform\Windows\1_DirectX11\DirectX11_ConstantBufferManager.h">
      <Filter>1_Platform\Windows\5_DrawManager\0_DirectX11\DirectX11_Resource\3_ConstantBuffer</Filter>
    </ClInclude>
    <ClInclude Include="1_Platform\Windows\1_DirectX11\DirectX11_Texture2DData.h">
      <Filter>1_Platform\Windows\5_DrawManager\0_DirectX11\DirectX11_Resource\4_TextureResource\1_Texture2D\Texture2DData</Filter>
    </ClInclude>
    <ClInclude Include="1_Platform\Windows\1_DirectX11\DirectX11_Texture2DBufferManager.h">
      <Filter>1_Platform\Windows\5_DrawManager\0_DirectX11\DirectX11_Resource\4_TextureResource\1_Texture2D</Filter>
    </ClInclude>
    <ClInclude Include="1_Platform\Windows\1_DirectX11\DirectX11_ViewData.h">
      <Filter>1_Platform\Windows\5_DrawManager\0_DirectX11\DirectX11_Resource\4_TextureResource\2_View\ViewData</Filter>
    </ClInclude>
    <ClInclude Include="1_Platform\Windows\1_DirectX11\DirectX11_ViewManager.h">
      <Filter>1_Platform\Windows\5_DrawManager\0_DirectX11\DirectX11_Resource\4_TextureResource\2_View</Filter>
    </ClInclude>
    <ClInclude Include="1_Platform\Windows\1_DirectX11\DirectX11_SamplerData.h">
      <Filter>1_Platform\Windows\5_DrawManager\0_DirectX11\DirectX11_Resource\4_TextureResource\3_Sampler\SamplerData</Filter>
    </ClInclude>
    <ClInclude Include="1_Platform\Windows\1_DirectX11\DirectX11_SamplerManager.h">
      <Filter>1_Platform\Windows\5_DrawManager\0_DirectX11\DirectX11_Resource\4_TextureResource\3_Sampler</Filter>
    </ClInclude>
    <ClInclude Include="1_Platform\Windows\1_DirectX11\DirectX11_TextureLoadModule.h">
      <Filter>1_Platform\Windows\5_DrawManager\0_DirectX11\DirectX11_Resource\4_TextureResource\4_TextureLoadModule</Filter>
    </ClInclude>
    <ClInclude Include="1_Platform\Windows\1_DirectX11\DirectX11_TextureStruct.h">
      <Filter>1_Platform\Windows\5_DrawManager\0_DirectX11\DirectX11_Resource\4_TextureResource\99_TextureStruct</Filter>
    </ClInclude>
    <ClInclude Include="1_Platform\Windows\1_DirectX11\DirectX11_TextureResourceManager.h">
      <Filter>1_Platform\Windows\5_DrawManager\0_DirectX11\DirectX11_Resource\4_TextureResource</Filter>
    </ClInclude>
    <ClInclude Include="ShaderUtility.h">
      <Filter>1_Platform\Base\8_DevelopmentShaderCompile\ShadeerUtility</Filter>
    </ClInclude>
    <ClInclude Include="3_SPIRV\spirv_reflect.h">
      <Filter>1_Platform\Base\8_DevelopmentShaderCompile\1_SPIR-VReferences\spirv_reflect</Filter>
    </ClInclude>
    <ClInclude Include="4_Imgui\imconfig.h">
      <Filter>2_Core\99_Imgui</Filter>
    </ClInclude>
    <ClInclude Include="4_Imgui\imgui.h">
      <Filter>2_Core\99_Imgui</Filter>
    </ClInclude>
    <ClInclude Include="4_Imgui\imgui_internal.h">
      <Filter>2_Core\99_Imgui</Filter>
    </ClInclude>
    <ClInclude Include="4_Imgui\imstb_rectpack.h">
      <Filter>2_Core\99_Imgui</Filter>
    </ClInclude>
    <ClInclude Include="4_Imgui\imstb_textedit.h">
      <Filter>2_Core\99_Imgui</Filter>
    </ClInclude>
    <ClInclude Include="4_Imgui\imstb_truetype.h">
      <Filter>2_Core\99_Imgui</Filter>
    </ClInclude>
    <ClInclude Include="4_Imgui\imgui_impl_dx11.h">
      <Filter>2_Core\99_Imgui</Filter>
    </ClInclude>
    <ClInclude Include="4_Imgui\imgui_impl_win32.h">
      <Filter>2_Core\99_Imgui</Filter>
    </ClInclude>
    <ClInclude Include="1_Platform\Windows\1_DirectX11\DirectX11_References.h">
      <Filter>1_Platform\Windows\6_ShaderCompile</Filter>
    </ClInclude>
    <ClInclude Include="3_SPIRV\SPIRVReferenctModule.h">
      <Filter>1_Platform\Base\8_DevelopmentShaderCompile\1_SPIR-VReferences</Filter>
    </ClInclude>
    <ClInclude Include="1_Platform\Windows\1_DirectX11\0_Development\DirectX11_DevelopmentCompileModule.h">
      <Filter>1_Platform\Windows\6_ShaderCompile\DirectX11_DXBC\1_DX11_DevelopmentCompile</Filter>
    </ClInclude>
    <ClInclude Include="1_Platform\Windows\1_DirectX11\0_Development\DirectX11_DXBCCompileModule.h">
      <Filter>1_Platform\Windows\6_ShaderCompile\DirectX11_DXBC\2_DXBC_fxcCompile</Filter>
    </ClInclude>
    <ClInclude Include="BinaryData.h">
      <Filter>2_Core\4_Library\2_Binary</Filter>
    </ClInclude>
  </ItemGroup>
  <ItemGroup>
    <FxCompile Include="VS_TriangleDebug.hlsl">
      <Filter>3_Hlsl\Triangle</Filter>
    </FxCompile>
    <FxCompile Include="PS_TriangleDebug.hlsl">
      <Filter>3_Hlsl\Triangle</Filter>
    </FxCompile>
    <FxCompile Include="PS_NoTexture.hlsl">
      <Filter>3_Hlsl\3D</Filter>
    </FxCompile>
    <FxCompile Include="PS_TextureModel.hlsl">
      <Filter>3_Hlsl\3D</Filter>
    </FxCompile>
    <FxCompile Include="PS_Texture.hlsl">
      <Filter>3_Hlsl\UI</Filter>
    </FxCompile>
    <FxCompile Include="VS_Object.hlsl">
      <Filter>3_Hlsl\3D</Filter>
    </FxCompile>
    <FxCompile Include="VS_UI.hlsl">
      <Filter>3_Hlsl\UI</Filter>
    </FxCompile>
  </ItemGroup>
  <ItemGroup>
    <None Include="..\.editorconfig" />
  </ItemGroup>
</Project>